// !$*UTF8*$!
{
	archiveVersion = 1;
	classes = {
	};
	objectVersion = 55;
	objects = {

/* Begin PBXBuildFile section */
		2F30991C2963C5DA006A967C /* AppDelegate.swift in Sources */ = {isa = PBXBuildFile; fileRef = 2F30991B2963C5DA006A967C /* AppDelegate.swift */; };
		2F30991E2963C5DA006A967C /* SceneDelegate.swift in Sources */ = {isa = PBXBuildFile; fileRef = 2F30991D2963C5DA006A967C /* SceneDelegate.swift */; };
		2F3099202963C5DA006A967C /* ViewController.swift in Sources */ = {isa = PBXBuildFile; fileRef = 2F30991F2963C5DA006A967C /* ViewController.swift */; };
		2F3099252963C5DD006A967C /* Assets.xcassets in Resources */ = {isa = PBXBuildFile; fileRef = 2F3099242963C5DD006A967C /* Assets.xcassets */; };
		2F3099282963C5DD006A967C /* LaunchScreen.storyboard in Resources */ = {isa = PBXBuildFile; fileRef = 2F3099262963C5DD006A967C /* LaunchScreen.storyboard */; };
		2F30993F2963D0E7006A967C /* Domain.h in Headers */ = {isa = PBXBuildFile; fileRef = 2F30993E2963D0E7006A967C /* Domain.h */; settings = {ATTRIBUTES = (Public, ); }; };
		2F3099422963D0E7006A967C /* Domain.framework in Frameworks */ = {isa = PBXBuildFile; fileRef = 2F30993C2963D0E7006A967C /* Domain.framework */; };
		2F3099432963D0E7006A967C /* Domain.framework in Embed Frameworks */ = {isa = PBXBuildFile; fileRef = 2F30993C2963D0E7006A967C /* Domain.framework */; settings = {ATTRIBUTES = (CodeSignOnCopy, RemoveHeadersOnCopy, ); }; };
		2F3099502963D118006A967C /* NetworkPlatform.h in Headers */ = {isa = PBXBuildFile; fileRef = 2F30994F2963D118006A967C /* NetworkPlatform.h */; settings = {ATTRIBUTES = (Public, ); }; };
		2F3099532963D118006A967C /* NetworkPlatform.framework in Frameworks */ = {isa = PBXBuildFile; fileRef = 2F30994D2963D118006A967C /* NetworkPlatform.framework */; };
		2F3099542963D118006A967C /* NetworkPlatform.framework in Embed Frameworks */ = {isa = PBXBuildFile; fileRef = 2F30994D2963D118006A967C /* NetworkPlatform.framework */; settings = {ATTRIBUTES = (CodeSignOnCopy, RemoveHeadersOnCopy, ); }; };
		2F30995E296409A7006A967C /* GiftsViewController.swift in Sources */ = {isa = PBXBuildFile; fileRef = 2F30995D296409A7006A967C /* GiftsViewController.swift */; };
		2F87FC842965594000D72233 /* SearchField.swift in Sources */ = {isa = PBXBuildFile; fileRef = 2F87FC832965594000D72233 /* SearchField.swift */; };
		2F87FC862966BE0400D72233 /* GiftCategoryCollectionViewCell.swift in Sources */ = {isa = PBXBuildFile; fileRef = 2F87FC852966BE0400D72233 /* GiftCategoryCollectionViewCell.swift */; };
		2F87FC882966BF0700D72233 /* GiftCategoryItemViewModel.swift in Sources */ = {isa = PBXBuildFile; fileRef = 2F87FC872966BF0700D72233 /* GiftCategoryItemViewModel.swift */; };
		2F87FC8A2966C2AE00D72233 /* GiftsViewModel.swift in Sources */ = {isa = PBXBuildFile; fileRef = 2F87FC892966C2AE00D72233 /* GiftsViewModel.swift */; };
		2F87FC8D2966C2D400D72233 /* ViewModelType.swift in Sources */ = {isa = PBXBuildFile; fileRef = 2F87FC8C2966C2D400D72233 /* ViewModelType.swift */; };
		2FB580F9296C0BF400C986A1 /* GiftItemViewModel.swift in Sources */ = {isa = PBXBuildFile; fileRef = 2FB580F8296C0BF400C986A1 /* GiftItemViewModel.swift */; };
		2FB580FC296C0DEE00C986A1 /* Gift.swift in Sources */ = {isa = PBXBuildFile; fileRef = 2FB580FB296C0DEE00C986A1 /* Gift.swift */; };
		2FB580FE296C0ED200C986A1 /* GiftCollectionViewCell.swift in Sources */ = {isa = PBXBuildFile; fileRef = 2FB580FD296C0ED200C986A1 /* GiftCollectionViewCell.swift */; };
		2FB58100296CED8300C986A1 /* GiftsUseCase.swift in Sources */ = {isa = PBXBuildFile; fileRef = 2FB580FF296CED8300C986A1 /* GiftsUseCase.swift */; };
		2FB58103296CFA7900C986A1 /* UseCaseProvider.swift in Sources */ = {isa = PBXBuildFile; fileRef = 2FB58102296CFA7900C986A1 /* UseCaseProvider.swift */; };
		2FB58105296CFAA900C986A1 /* UseCaseProvider.swift in Sources */ = {isa = PBXBuildFile; fileRef = 2FB58104296CFAA900C986A1 /* UseCaseProvider.swift */; };
		2FB58107296CFB1900C986A1 /* GiftsUseCase.swift in Sources */ = {isa = PBXBuildFile; fileRef = 2FB58106296CFB1900C986A1 /* GiftsUseCase.swift */; };
		2FB5810A296CFDE700C986A1 /* Network.swift in Sources */ = {isa = PBXBuildFile; fileRef = 2FB58109296CFDE700C986A1 /* Network.swift */; };
		2FB58113296D057400C986A1 /* BaseResponse.swift in Sources */ = {isa = PBXBuildFile; fileRef = 2FB58112296D057400C986A1 /* BaseResponse.swift */; };
		2FB58115296D064400C986A1 /* AnyDecodable.swift in Sources */ = {isa = PBXBuildFile; fileRef = 2FB58114296D064400C986A1 /* AnyDecodable.swift */; };
		2FB58117296D0CCA00C986A1 /* GiftsCoordinator.swift in Sources */ = {isa = PBXBuildFile; fileRef = 2FB58116296D0CCA00C986A1 /* GiftsCoordinator.swift */; };
		2FB58119296D3E1100C986A1 /* ActivityIndicator.swift in Sources */ = {isa = PBXBuildFile; fileRef = 2FB58118296D3E1100C986A1 /* ActivityIndicator.swift */; };
		2FB5811B296D3E3800C986A1 /* ErrorTracker.swift in Sources */ = {isa = PBXBuildFile; fileRef = 2FB5811A296D3E3800C986A1 /* ErrorTracker.swift */; };
		2FB5811D296D3F5D00C986A1 /* Observable+Extension.swift in Sources */ = {isa = PBXBuildFile; fileRef = 2FB5811C296D3F5D00C986A1 /* Observable+Extension.swift */; };
		2FB58121296D404700C986A1 /* GiftError.swift in Sources */ = {isa = PBXBuildFile; fileRef = 2FB58120296D404700C986A1 /* GiftError.swift */; };
		2FBD4A60296E4B0300E5A915 /* MontserratAlternates-Thin.ttf in Resources */ = {isa = PBXBuildFile; fileRef = 2FBD4A5E296E48FF00E5A915 /* MontserratAlternates-Thin.ttf */; };
		2FBD4A61296E4B0300E5A915 /* MontserratAlternates-SemiBold.ttf in Resources */ = {isa = PBXBuildFile; fileRef = 2FBD4A52296E48FF00E5A915 /* MontserratAlternates-SemiBold.ttf */; };
		2FBD4A62296E4B0300E5A915 /* MontserratAlternates-Black.ttf in Resources */ = {isa = PBXBuildFile; fileRef = 2FBD4A53296E48FF00E5A915 /* MontserratAlternates-Black.ttf */; };
		2FBD4A63296E4B0300E5A915 /* MontserratAlternates-Regular.ttf in Resources */ = {isa = PBXBuildFile; fileRef = 2FBD4A5C296E48FF00E5A915 /* MontserratAlternates-Regular.ttf */; };
		2FBD4A64296E4B0300E5A915 /* MontserratAlternates-Bold.ttf in Resources */ = {isa = PBXBuildFile; fileRef = 2FBD4A54296E48FF00E5A915 /* MontserratAlternates-Bold.ttf */; };
		2FBD4A65296E4B0300E5A915 /* MontserratAlternates-ExtraBold.ttf in Resources */ = {isa = PBXBuildFile; fileRef = 2FBD4A56296E48FF00E5A915 /* MontserratAlternates-ExtraBold.ttf */; };
		2FBD4A66296E4B0300E5A915 /* MontserratAlternates-ExtraLight.ttf in Resources */ = {isa = PBXBuildFile; fileRef = 2FBD4A58296E48FF00E5A915 /* MontserratAlternates-ExtraLight.ttf */; };
		2FBD4A67296E4B0300E5A915 /* MontserratAlternates-Medium.ttf in Resources */ = {isa = PBXBuildFile; fileRef = 2FBD4A59296E48FF00E5A915 /* MontserratAlternates-Medium.ttf */; };
		2FBD4A69296E4B9D00E5A915 /* UIFont+Extension.swift in Sources */ = {isa = PBXBuildFile; fileRef = 2FBD4A68296E4B9D00E5A915 /* UIFont+Extension.swift */; };
		2FBD4A6B296E534E00E5A915 /* Coordinator.swift in Sources */ = {isa = PBXBuildFile; fileRef = 2FBD4A6A296E534E00E5A915 /* Coordinator.swift */; };
		2FBD4A6E296E557F00E5A915 /* GiftDetailViewController.swift in Sources */ = {isa = PBXBuildFile; fileRef = 2FBD4A6D296E557F00E5A915 /* GiftDetailViewController.swift */; };
		2FBD4A70296E6C6A00E5A915 /* GiftDetailCoordinator.swift in Sources */ = {isa = PBXBuildFile; fileRef = 2FBD4A6F296E6C6A00E5A915 /* GiftDetailCoordinator.swift */; };
		2FBD4A72296E6E7400E5A915 /* GiftDetailViewModel.swift in Sources */ = {isa = PBXBuildFile; fileRef = 2FBD4A71296E6E7400E5A915 /* GiftDetailViewModel.swift */; };
		2FBD4A74296E797900E5A915 /* PaddingButton.swift in Sources */ = {isa = PBXBuildFile; fileRef = 2FBD4A73296E797900E5A915 /* PaddingButton.swift */; };
		2FBD4A78296FA70400E5A915 /* CNContactPickerViewController+Rx.swift in Sources */ = {isa = PBXBuildFile; fileRef = 2FBD4A77296FA70400E5A915 /* CNContactPickerViewController+Rx.swift */; };
		2FBD4A7B296FC6B100E5A915 /* GiftCardViewController.swift in Sources */ = {isa = PBXBuildFile; fileRef = 2FBD4A7A296FC6B100E5A915 /* GiftCardViewController.swift */; };
		2FBD4A7D296FD82100E5A915 /* GiftCardViewModel.swift in Sources */ = {isa = PBXBuildFile; fileRef = 2FBD4A7C296FD82100E5A915 /* GiftCardViewModel.swift */; };
		2FBD4A7F296FD8EF00E5A915 /* GiftCardCoordinator.swift in Sources */ = {isa = PBXBuildFile; fileRef = 2FBD4A7E296FD8EF00E5A915 /* GiftCardCoordinator.swift */; };
		2FBD4A81296FDD5100E5A915 /* GiftCardCollectionViewCell.swift in Sources */ = {isa = PBXBuildFile; fileRef = 2FBD4A80296FDD5100E5A915 /* GiftCardCollectionViewCell.swift */; };
		2FBD4A83296FDDB300E5A915 /* GiftCardItemViewModel.swift in Sources */ = {isa = PBXBuildFile; fileRef = 2FBD4A82296FDDB300E5A915 /* GiftCardItemViewModel.swift */; };
		75F78C28CDC9B92373BE591A /* Pods_NetworkPlatform.framework in Frameworks */ = {isa = PBXBuildFile; fileRef = A015A6795825C195E9C8769A /* Pods_NetworkPlatform.framework */; };
		9F88A13FDFAF5969794CA3DF /* Pods_Gifton.framework in Frameworks */ = {isa = PBXBuildFile; fileRef = FB585169A5A24C0317C3A8F3 /* Pods_Gifton.framework */; };
		D387C92C3BDBCBF9F5B88798 /* Pods_Domain.framework in Frameworks */ = {isa = PBXBuildFile; fileRef = A4FD15A11F470D6A47F49106 /* Pods_Domain.framework */; };
/* End PBXBuildFile section */

/* Begin PBXContainerItemProxy section */
		2F3099402963D0E7006A967C /* PBXContainerItemProxy */ = {
			isa = PBXContainerItemProxy;
			containerPortal = 2F3099102963C5DA006A967C /* Project object */;
			proxyType = 1;
			remoteGlobalIDString = 2F30993B2963D0E7006A967C;
			remoteInfo = Domain;
		};
		2F3099512963D118006A967C /* PBXContainerItemProxy */ = {
			isa = PBXContainerItemProxy;
			containerPortal = 2F3099102963C5DA006A967C /* Project object */;
			proxyType = 1;
			remoteGlobalIDString = 2F30994C2963D118006A967C;
			remoteInfo = NetworkPlatform;
		};
/* End PBXContainerItemProxy section */

/* Begin PBXCopyFilesBuildPhase section */
		2F3099472963D0E7006A967C /* Embed Frameworks */ = {
			isa = PBXCopyFilesBuildPhase;
			buildActionMask = 2147483647;
			dstPath = "";
			dstSubfolderSpec = 10;
			files = (
				2F3099542963D118006A967C /* NetworkPlatform.framework in Embed Frameworks */,
				2F3099432963D0E7006A967C /* Domain.framework in Embed Frameworks */,
			);
			name = "Embed Frameworks";
			runOnlyForDeploymentPostprocessing = 0;
		};
/* End PBXCopyFilesBuildPhase section */

/* Begin PBXFileReference section */
		037E96EF14F61DE5B84AD04C /* Pods-NetworkPlatform.debug.xcconfig */ = {isa = PBXFileReference; includeInIndex = 1; lastKnownFileType = text.xcconfig; name = "Pods-NetworkPlatform.debug.xcconfig"; path = "Target Support Files/Pods-NetworkPlatform/Pods-NetworkPlatform.debug.xcconfig"; sourceTree = "<group>"; };
		18A31A7C7FCC534056FB973C /* Pods-Gifton.debug.xcconfig */ = {isa = PBXFileReference; includeInIndex = 1; lastKnownFileType = text.xcconfig; name = "Pods-Gifton.debug.xcconfig"; path = "Target Support Files/Pods-Gifton/Pods-Gifton.debug.xcconfig"; sourceTree = "<group>"; };
		2F3099182963C5DA006A967C /* Gifton.app */ = {isa = PBXFileReference; explicitFileType = wrapper.application; includeInIndex = 0; path = Gifton.app; sourceTree = BUILT_PRODUCTS_DIR; };
		2F30991B2963C5DA006A967C /* AppDelegate.swift */ = {isa = PBXFileReference; lastKnownFileType = sourcecode.swift; path = AppDelegate.swift; sourceTree = "<group>"; };
		2F30991D2963C5DA006A967C /* SceneDelegate.swift */ = {isa = PBXFileReference; lastKnownFileType = sourcecode.swift; path = SceneDelegate.swift; sourceTree = "<group>"; };
		2F30991F2963C5DA006A967C /* ViewController.swift */ = {isa = PBXFileReference; lastKnownFileType = sourcecode.swift; path = ViewController.swift; sourceTree = "<group>"; };
		2F3099242963C5DD006A967C /* Assets.xcassets */ = {isa = PBXFileReference; lastKnownFileType = folder.assetcatalog; path = Assets.xcassets; sourceTree = "<group>"; };
		2F3099272963C5DD006A967C /* Base */ = {isa = PBXFileReference; lastKnownFileType = file.storyboard; name = Base; path = Base.lproj/LaunchScreen.storyboard; sourceTree = "<group>"; };
		2F3099292963C5DD006A967C /* Info.plist */ = {isa = PBXFileReference; lastKnownFileType = text.plist.xml; path = Info.plist; sourceTree = "<group>"; };
		2F30993C2963D0E7006A967C /* Domain.framework */ = {isa = PBXFileReference; explicitFileType = wrapper.framework; includeInIndex = 0; path = Domain.framework; sourceTree = BUILT_PRODUCTS_DIR; };
		2F30993E2963D0E7006A967C /* Domain.h */ = {isa = PBXFileReference; lastKnownFileType = sourcecode.c.h; path = Domain.h; sourceTree = "<group>"; };
		2F30994D2963D118006A967C /* NetworkPlatform.framework */ = {isa = PBXFileReference; explicitFileType = wrapper.framework; includeInIndex = 0; path = NetworkPlatform.framework; sourceTree = BUILT_PRODUCTS_DIR; };
		2F30994F2963D118006A967C /* NetworkPlatform.h */ = {isa = PBXFileReference; lastKnownFileType = sourcecode.c.h; path = NetworkPlatform.h; sourceTree = "<group>"; };
		2F30995D296409A7006A967C /* GiftsViewController.swift */ = {isa = PBXFileReference; lastKnownFileType = sourcecode.swift; path = GiftsViewController.swift; sourceTree = "<group>"; };
		2F87FC832965594000D72233 /* SearchField.swift */ = {isa = PBXFileReference; lastKnownFileType = sourcecode.swift; path = SearchField.swift; sourceTree = "<group>"; };
		2F87FC852966BE0400D72233 /* GiftCategoryCollectionViewCell.swift */ = {isa = PBXFileReference; lastKnownFileType = sourcecode.swift; path = GiftCategoryCollectionViewCell.swift; sourceTree = "<group>"; };
		2F87FC872966BF0700D72233 /* GiftCategoryItemViewModel.swift */ = {isa = PBXFileReference; lastKnownFileType = sourcecode.swift; path = GiftCategoryItemViewModel.swift; sourceTree = "<group>"; };
		2F87FC892966C2AE00D72233 /* GiftsViewModel.swift */ = {isa = PBXFileReference; lastKnownFileType = sourcecode.swift; path = GiftsViewModel.swift; sourceTree = "<group>"; };
		2F87FC8C2966C2D400D72233 /* ViewModelType.swift */ = {isa = PBXFileReference; lastKnownFileType = sourcecode.swift; path = ViewModelType.swift; sourceTree = "<group>"; };
		2FB580F8296C0BF400C986A1 /* GiftItemViewModel.swift */ = {isa = PBXFileReference; lastKnownFileType = sourcecode.swift; path = GiftItemViewModel.swift; sourceTree = "<group>"; };
		2FB580FB296C0DEE00C986A1 /* Gift.swift */ = {isa = PBXFileReference; lastKnownFileType = sourcecode.swift; path = Gift.swift; sourceTree = "<group>"; };
		2FB580FD296C0ED200C986A1 /* GiftCollectionViewCell.swift */ = {isa = PBXFileReference; lastKnownFileType = sourcecode.swift; path = GiftCollectionViewCell.swift; sourceTree = "<group>"; };
		2FB580FF296CED8300C986A1 /* GiftsUseCase.swift */ = {isa = PBXFileReference; lastKnownFileType = sourcecode.swift; path = GiftsUseCase.swift; sourceTree = "<group>"; };
		2FB58102296CFA7900C986A1 /* UseCaseProvider.swift */ = {isa = PBXFileReference; lastKnownFileType = sourcecode.swift; path = UseCaseProvider.swift; sourceTree = "<group>"; };
		2FB58104296CFAA900C986A1 /* UseCaseProvider.swift */ = {isa = PBXFileReference; lastKnownFileType = sourcecode.swift; path = UseCaseProvider.swift; sourceTree = "<group>"; };
		2FB58106296CFB1900C986A1 /* GiftsUseCase.swift */ = {isa = PBXFileReference; lastKnownFileType = sourcecode.swift; path = GiftsUseCase.swift; sourceTree = "<group>"; };
		2FB58109296CFDE700C986A1 /* Network.swift */ = {isa = PBXFileReference; lastKnownFileType = sourcecode.swift; path = Network.swift; sourceTree = "<group>"; };
		2FB58112296D057400C986A1 /* BaseResponse.swift */ = {isa = PBXFileReference; lastKnownFileType = sourcecode.swift; path = BaseResponse.swift; sourceTree = "<group>"; };
		2FB58114296D064400C986A1 /* AnyDecodable.swift */ = {isa = PBXFileReference; lastKnownFileType = sourcecode.swift; path = AnyDecodable.swift; sourceTree = "<group>"; };
		2FB58116296D0CCA00C986A1 /* GiftsCoordinator.swift */ = {isa = PBXFileReference; lastKnownFileType = sourcecode.swift; path = GiftsCoordinator.swift; sourceTree = "<group>"; };
		2FB58118296D3E1100C986A1 /* ActivityIndicator.swift */ = {isa = PBXFileReference; lastKnownFileType = sourcecode.swift; path = ActivityIndicator.swift; sourceTree = "<group>"; };
		2FB5811A296D3E3800C986A1 /* ErrorTracker.swift */ = {isa = PBXFileReference; lastKnownFileType = sourcecode.swift; path = ErrorTracker.swift; sourceTree = "<group>"; };
		2FB5811C296D3F5D00C986A1 /* Observable+Extension.swift */ = {isa = PBXFileReference; lastKnownFileType = sourcecode.swift; path = "Observable+Extension.swift"; sourceTree = "<group>"; };
		2FB58120296D404700C986A1 /* GiftError.swift */ = {isa = PBXFileReference; lastKnownFileType = sourcecode.swift; path = GiftError.swift; sourceTree = "<group>"; };
		2FBD4A52296E48FF00E5A915 /* MontserratAlternates-SemiBold.ttf */ = {isa = PBXFileReference; lastKnownFileType = file; path = "MontserratAlternates-SemiBold.ttf"; sourceTree = "<group>"; };
		2FBD4A53296E48FF00E5A915 /* MontserratAlternates-Black.ttf */ = {isa = PBXFileReference; lastKnownFileType = file; path = "MontserratAlternates-Black.ttf"; sourceTree = "<group>"; };
		2FBD4A54296E48FF00E5A915 /* MontserratAlternates-Bold.ttf */ = {isa = PBXFileReference; lastKnownFileType = file; path = "MontserratAlternates-Bold.ttf"; sourceTree = "<group>"; };
		2FBD4A56296E48FF00E5A915 /* MontserratAlternates-ExtraBold.ttf */ = {isa = PBXFileReference; lastKnownFileType = file; path = "MontserratAlternates-ExtraBold.ttf"; sourceTree = "<group>"; };
		2FBD4A58296E48FF00E5A915 /* MontserratAlternates-ExtraLight.ttf */ = {isa = PBXFileReference; lastKnownFileType = file; path = "MontserratAlternates-ExtraLight.ttf"; sourceTree = "<group>"; };
		2FBD4A59296E48FF00E5A915 /* MontserratAlternates-Medium.ttf */ = {isa = PBXFileReference; lastKnownFileType = file; path = "MontserratAlternates-Medium.ttf"; sourceTree = "<group>"; };
		2FBD4A5C296E48FF00E5A915 /* MontserratAlternates-Regular.ttf */ = {isa = PBXFileReference; lastKnownFileType = file; path = "MontserratAlternates-Regular.ttf"; sourceTree = "<group>"; };
		2FBD4A5E296E48FF00E5A915 /* MontserratAlternates-Thin.ttf */ = {isa = PBXFileReference; lastKnownFileType = file; path = "MontserratAlternates-Thin.ttf"; sourceTree = "<group>"; };
		2FBD4A68296E4B9D00E5A915 /* UIFont+Extension.swift */ = {isa = PBXFileReference; lastKnownFileType = sourcecode.swift; path = "UIFont+Extension.swift"; sourceTree = "<group>"; };
		2FBD4A6A296E534E00E5A915 /* Coordinator.swift */ = {isa = PBXFileReference; lastKnownFileType = sourcecode.swift; path = Coordinator.swift; sourceTree = "<group>"; };
		2FBD4A6D296E557F00E5A915 /* GiftDetailViewController.swift */ = {isa = PBXFileReference; lastKnownFileType = sourcecode.swift; path = GiftDetailViewController.swift; sourceTree = "<group>"; };
		2FBD4A6F296E6C6A00E5A915 /* GiftDetailCoordinator.swift */ = {isa = PBXFileReference; lastKnownFileType = sourcecode.swift; path = GiftDetailCoordinator.swift; sourceTree = "<group>"; };
		2FBD4A71296E6E7400E5A915 /* GiftDetailViewModel.swift */ = {isa = PBXFileReference; lastKnownFileType = sourcecode.swift; path = GiftDetailViewModel.swift; sourceTree = "<group>"; };
		2FBD4A73296E797900E5A915 /* PaddingButton.swift */ = {isa = PBXFileReference; lastKnownFileType = sourcecode.swift; path = PaddingButton.swift; sourceTree = "<group>"; };
		2FBD4A77296FA70400E5A915 /* CNContactPickerViewController+Rx.swift */ = {isa = PBXFileReference; lastKnownFileType = sourcecode.swift; path = "CNContactPickerViewController+Rx.swift"; sourceTree = "<group>"; };
		2FBD4A7A296FC6B100E5A915 /* GiftCardViewController.swift */ = {isa = PBXFileReference; lastKnownFileType = sourcecode.swift; path = GiftCardViewController.swift; sourceTree = "<group>"; };
		2FBD4A7C296FD82100E5A915 /* GiftCardViewModel.swift */ = {isa = PBXFileReference; lastKnownFileType = sourcecode.swift; path = GiftCardViewModel.swift; sourceTree = "<group>"; };
		2FBD4A7E296FD8EF00E5A915 /* GiftCardCoordinator.swift */ = {isa = PBXFileReference; lastKnownFileType = sourcecode.swift; path = GiftCardCoordinator.swift; sourceTree = "<group>"; };
		2FBD4A80296FDD5100E5A915 /* GiftCardCollectionViewCell.swift */ = {isa = PBXFileReference; lastKnownFileType = sourcecode.swift; path = GiftCardCollectionViewCell.swift; sourceTree = "<group>"; };
		2FBD4A82296FDDB300E5A915 /* GiftCardItemViewModel.swift */ = {isa = PBXFileReference; lastKnownFileType = sourcecode.swift; path = GiftCardItemViewModel.swift; sourceTree = "<group>"; };
		4C83054415AD78D5CE45C623 /* Pods-Gifton.release.xcconfig */ = {isa = PBXFileReference; includeInIndex = 1; lastKnownFileType = text.xcconfig; name = "Pods-Gifton.release.xcconfig"; path = "Target Support Files/Pods-Gifton/Pods-Gifton.release.xcconfig"; sourceTree = "<group>"; };
		51E7F6BDEC88112CE145786C /* Pods-NetworkPlatform.release.xcconfig */ = {isa = PBXFileReference; includeInIndex = 1; lastKnownFileType = text.xcconfig; name = "Pods-NetworkPlatform.release.xcconfig"; path = "Target Support Files/Pods-NetworkPlatform/Pods-NetworkPlatform.release.xcconfig"; sourceTree = "<group>"; };
		61B7F435F36F89633CB757CF /* Pods-Domain.release.xcconfig */ = {isa = PBXFileReference; includeInIndex = 1; lastKnownFileType = text.xcconfig; name = "Pods-Domain.release.xcconfig"; path = "Target Support Files/Pods-Domain/Pods-Domain.release.xcconfig"; sourceTree = "<group>"; };
		73518FE95CFB1BA5EF638E4E /* Pods-Domain.debug.xcconfig */ = {isa = PBXFileReference; includeInIndex = 1; lastKnownFileType = text.xcconfig; name = "Pods-Domain.debug.xcconfig"; path = "Target Support Files/Pods-Domain/Pods-Domain.debug.xcconfig"; sourceTree = "<group>"; };
		A015A6795825C195E9C8769A /* Pods_NetworkPlatform.framework */ = {isa = PBXFileReference; explicitFileType = wrapper.framework; includeInIndex = 0; path = Pods_NetworkPlatform.framework; sourceTree = BUILT_PRODUCTS_DIR; };
		A4FD15A11F470D6A47F49106 /* Pods_Domain.framework */ = {isa = PBXFileReference; explicitFileType = wrapper.framework; includeInIndex = 0; path = Pods_Domain.framework; sourceTree = BUILT_PRODUCTS_DIR; };
		FB585169A5A24C0317C3A8F3 /* Pods_Gifton.framework */ = {isa = PBXFileReference; explicitFileType = wrapper.framework; includeInIndex = 0; path = Pods_Gifton.framework; sourceTree = BUILT_PRODUCTS_DIR; };
/* End PBXFileReference section */

/* Begin PBXFrameworksBuildPhase section */
		2F3099152963C5DA006A967C /* Frameworks */ = {
			isa = PBXFrameworksBuildPhase;
			buildActionMask = 2147483647;
			files = (
				2F3099422963D0E7006A967C /* Domain.framework in Frameworks */,
				2F3099532963D118006A967C /* NetworkPlatform.framework in Frameworks */,
				9F88A13FDFAF5969794CA3DF /* Pods_Gifton.framework in Frameworks */,
			);
			runOnlyForDeploymentPostprocessing = 0;
		};
		2F3099392963D0E7006A967C /* Frameworks */ = {
			isa = PBXFrameworksBuildPhase;
			buildActionMask = 2147483647;
			files = (
				D387C92C3BDBCBF9F5B88798 /* Pods_Domain.framework in Frameworks */,
			);
			runOnlyForDeploymentPostprocessing = 0;
		};
		2F30994A2963D118006A967C /* Frameworks */ = {
			isa = PBXFrameworksBuildPhase;
			buildActionMask = 2147483647;
			files = (
				75F78C28CDC9B92373BE591A /* Pods_NetworkPlatform.framework in Frameworks */,
			);
			runOnlyForDeploymentPostprocessing = 0;
		};
/* End PBXFrameworksBuildPhase section */

/* Begin PBXGroup section */
		2F30990F2963C5DA006A967C = {
			isa = PBXGroup;
			children = (
				2F30991A2963C5DA006A967C /* Gifton */,
				2F30993D2963D0E7006A967C /* Domain */,
				2F30994E2963D118006A967C /* NetworkPlatform */,
				2F3099192963C5DA006A967C /* Products */,
				2FB58122296D42DF00C986A1 /* Frameworks */,
				362338C0FB00457120927FE3 /* Pods */,
			);
			sourceTree = "<group>";
		};
		2F3099192963C5DA006A967C /* Products */ = {
			isa = PBXGroup;
			children = (
				2F3099182963C5DA006A967C /* Gifton.app */,
				2F30993C2963D0E7006A967C /* Domain.framework */,
				2F30994D2963D118006A967C /* NetworkPlatform.framework */,
			);
			name = Products;
			sourceTree = "<group>";
		};
		2F30991A2963C5DA006A967C /* Gifton */ = {
			isa = PBXGroup;
			children = (
				2F87FC8B2966C2CD00D72233 /* Common */,
				2F87FC822965593700D72233 /* Utility */,
				2F30995B29640736006A967C /* Scene */,
				2F30991B2963C5DA006A967C /* AppDelegate.swift */,
				2F30991D2963C5DA006A967C /* SceneDelegate.swift */,
				2F30991F2963C5DA006A967C /* ViewController.swift */,
				2F3099242963C5DD006A967C /* Assets.xcassets */,
				2F3099262963C5DD006A967C /* LaunchScreen.storyboard */,
				2F3099292963C5DD006A967C /* Info.plist */,
			);
			path = Gifton;
			sourceTree = "<group>";
		};
		2F30993D2963D0E7006A967C /* Domain */ = {
			isa = PBXGroup;
			children = (
				2FB580FA296C0DE200C986A1 /* Entity */,
				2F3099582963D143006A967C /* UseCase */,
				2F30993E2963D0E7006A967C /* Domain.h */,
			);
			path = Domain;
			sourceTree = "<group>";
		};
		2F30994E2963D118006A967C /* NetworkPlatform */ = {
			isa = PBXGroup;
			children = (
				2F30995A2963F913006A967C /* API */,
				2F3099592963F88D006A967C /* Network */,
				2FB58108296CFB2100C986A1 /* UseCase */,
				2F30994F2963D118006A967C /* NetworkPlatform.h */,
			);
			path = NetworkPlatform;
			sourceTree = "<group>";
		};
		2F3099582963D143006A967C /* UseCase */ = {
			isa = PBXGroup;
			children = (
				2FB580FF296CED8300C986A1 /* GiftsUseCase.swift */,
				2FB58104296CFAA900C986A1 /* UseCaseProvider.swift */,
			);
			path = UseCase;
			sourceTree = "<group>";
		};
		2F3099592963F88D006A967C /* Network */ = {
			isa = PBXGroup;
			children = (
				2FB58109296CFDE700C986A1 /* Network.swift */,
				2FB58112296D057400C986A1 /* BaseResponse.swift */,
				2FB58114296D064400C986A1 /* AnyDecodable.swift */,
			);
			path = Network;
			sourceTree = "<group>";
		};
		2F30995A2963F913006A967C /* API */ = {
			isa = PBXGroup;
			children = (
			);
			path = API;
			sourceTree = "<group>";
		};
		2F30995B29640736006A967C /* Scene */ = {
			isa = PBXGroup;
			children = (
				2FBD4A79296FC67100E5A915 /* GiftCard */,
				2FBD4A6C296E553600E5A915 /* GiftDetail */,
				2F30995C2964073F006A967C /* GiftList */,
			);
			path = Scene;
			sourceTree = "<group>";
		};
		2F30995C2964073F006A967C /* GiftList */ = {
			isa = PBXGroup;
			children = (
				2F87FC852966BE0400D72233 /* GiftCategoryCollectionViewCell.swift */,
				2F87FC872966BF0700D72233 /* GiftCategoryItemViewModel.swift */,
				2FB580FD296C0ED200C986A1 /* GiftCollectionViewCell.swift */,
				2FB580F8296C0BF400C986A1 /* GiftItemViewModel.swift */,
				2F30995D296409A7006A967C /* GiftsViewController.swift */,
				2F87FC892966C2AE00D72233 /* GiftsViewModel.swift */,
				2FB58116296D0CCA00C986A1 /* GiftsCoordinator.swift */,
			);
			path = GiftList;
			sourceTree = "<group>";
		};
		2F87FC822965593700D72233 /* Utility */ = {
			isa = PBXGroup;
			children = (
				2FBD4A4E296E48D500E5A915 /* Font */,
				2F87FC832965594000D72233 /* SearchField.swift */,
				2FB58118296D3E1100C986A1 /* ActivityIndicator.swift */,
				2FB5811A296D3E3800C986A1 /* ErrorTracker.swift */,
				2FB5811C296D3F5D00C986A1 /* Observable+Extension.swift */,
				2FBD4A68296E4B9D00E5A915 /* UIFont+Extension.swift */,
				2FBD4A6A296E534E00E5A915 /* Coordinator.swift */,
				2FBD4A73296E797900E5A915 /* PaddingButton.swift */,
				2FBD4A77296FA70400E5A915 /* CNContactPickerViewController+Rx.swift */,
			);
			path = Utility;
			sourceTree = "<group>";
		};
		2F87FC8B2966C2CD00D72233 /* Common */ = {
			isa = PBXGroup;
			children = (
				2F87FC8C2966C2D400D72233 /* ViewModelType.swift */,
			);
			path = Common;
			sourceTree = "<group>";
		};
		2FB580FA296C0DE200C986A1 /* Entity */ = {
			isa = PBXGroup;
			children = (
				2FB580FB296C0DEE00C986A1 /* Gift.swift */,
				2FB58120296D404700C986A1 /* GiftError.swift */,
			);
			path = Entity;
			sourceTree = "<group>";
		};
		2FB58108296CFB2100C986A1 /* UseCase */ = {
			isa = PBXGroup;
			children = (
				2FB58106296CFB1900C986A1 /* GiftsUseCase.swift */,
				2FB58102296CFA7900C986A1 /* UseCaseProvider.swift */,
			);
			path = UseCase;
			sourceTree = "<group>";
		};
		2FB58122296D42DF00C986A1 /* Frameworks */ = {
			isa = PBXGroup;
			children = (
				A4FD15A11F470D6A47F49106 /* Pods_Domain.framework */,
				FB585169A5A24C0317C3A8F3 /* Pods_Gifton.framework */,
				A015A6795825C195E9C8769A /* Pods_NetworkPlatform.framework */,
			);
			name = Frameworks;
			sourceTree = "<group>";
		};
		2FBD4A4E296E48D500E5A915 /* Font */ = {
			isa = PBXGroup;
			children = (
				2FBD4A53296E48FF00E5A915 /* MontserratAlternates-Black.ttf */,
				2FBD4A54296E48FF00E5A915 /* MontserratAlternates-Bold.ttf */,
				2FBD4A56296E48FF00E5A915 /* MontserratAlternates-ExtraBold.ttf */,
				2FBD4A58296E48FF00E5A915 /* MontserratAlternates-ExtraLight.ttf */,
				2FBD4A59296E48FF00E5A915 /* MontserratAlternates-Medium.ttf */,
				2FBD4A5C296E48FF00E5A915 /* MontserratAlternates-Regular.ttf */,
				2FBD4A52296E48FF00E5A915 /* MontserratAlternates-SemiBold.ttf */,
				2FBD4A5E296E48FF00E5A915 /* MontserratAlternates-Thin.ttf */,
			);
			path = Font;
			sourceTree = "<group>";
		};
		2FBD4A6C296E553600E5A915 /* GiftDetail */ = {
			isa = PBXGroup;
			children = (
				2FBD4A6D296E557F00E5A915 /* GiftDetailViewController.swift */,
				2FBD4A71296E6E7400E5A915 /* GiftDetailViewModel.swift */,
				2FBD4A6F296E6C6A00E5A915 /* GiftDetailCoordinator.swift */,
			);
			path = GiftDetail;
			sourceTree = "<group>";
		};
		2FBD4A79296FC67100E5A915 /* GiftCard */ = {
			isa = PBXGroup;
			children = (
				2FBD4A80296FDD5100E5A915 /* GiftCardCollectionViewCell.swift */,
				2FBD4A82296FDDB300E5A915 /* GiftCardItemViewModel.swift */,
				2FBD4A7A296FC6B100E5A915 /* GiftCardViewController.swift */,
				2FBD4A7C296FD82100E5A915 /* GiftCardViewModel.swift */,
				2FBD4A7E296FD8EF00E5A915 /* GiftCardCoordinator.swift */,
			);
			path = GiftCard;
			sourceTree = "<group>";
		};
		362338C0FB00457120927FE3 /* Pods */ = {
			isa = PBXGroup;
			children = (
				73518FE95CFB1BA5EF638E4E /* Pods-Domain.debug.xcconfig */,
				61B7F435F36F89633CB757CF /* Pods-Domain.release.xcconfig */,
				18A31A7C7FCC534056FB973C /* Pods-Gifton.debug.xcconfig */,
				4C83054415AD78D5CE45C623 /* Pods-Gifton.release.xcconfig */,
				037E96EF14F61DE5B84AD04C /* Pods-NetworkPlatform.debug.xcconfig */,
				51E7F6BDEC88112CE145786C /* Pods-NetworkPlatform.release.xcconfig */,
			);
			path = Pods;
			sourceTree = "<group>";
		};
/* End PBXGroup section */

/* Begin PBXHeadersBuildPhase section */
		2F3099372963D0E7006A967C /* Headers */ = {
			isa = PBXHeadersBuildPhase;
			buildActionMask = 2147483647;
			files = (
				2F30993F2963D0E7006A967C /* Domain.h in Headers */,
			);
			runOnlyForDeploymentPostprocessing = 0;
		};
		2F3099482963D118006A967C /* Headers */ = {
			isa = PBXHeadersBuildPhase;
			buildActionMask = 2147483647;
			files = (
				2F3099502963D118006A967C /* NetworkPlatform.h in Headers */,
			);
			runOnlyForDeploymentPostprocessing = 0;
		};
/* End PBXHeadersBuildPhase section */

/* Begin PBXNativeTarget section */
		2F3099172963C5DA006A967C /* Gifton */ = {
			isa = PBXNativeTarget;
			buildConfigurationList = 2F30992C2963C5DD006A967C /* Build configuration list for PBXNativeTarget "Gifton" */;
			buildPhases = (
				7C9975A363A147D99587852E /* [CP] Check Pods Manifest.lock */,
				2F3099142963C5DA006A967C /* Sources */,
				2F3099152963C5DA006A967C /* Frameworks */,
				2F3099162963C5DA006A967C /* Resources */,
				2F3099472963D0E7006A967C /* Embed Frameworks */,
				7E491BB0E239FACD1E30CA96 /* [CP] Embed Pods Frameworks */,
			);
			buildRules = (
			);
			dependencies = (
				2F3099412963D0E7006A967C /* PBXTargetDependency */,
				2F3099522963D118006A967C /* PBXTargetDependency */,
			);
			name = Gifton;
			productName = Gifton;
			productReference = 2F3099182963C5DA006A967C /* Gifton.app */;
			productType = "com.apple.product-type.application";
		};
		2F30993B2963D0E7006A967C /* Domain */ = {
			isa = PBXNativeTarget;
			buildConfigurationList = 2F3099442963D0E7006A967C /* Build configuration list for PBXNativeTarget "Domain" */;
			buildPhases = (
				91B8F7CA844C7C07573A5769 /* [CP] Check Pods Manifest.lock */,
				2F3099372963D0E7006A967C /* Headers */,
				2F3099382963D0E7006A967C /* Sources */,
				2F3099392963D0E7006A967C /* Frameworks */,
				2F30993A2963D0E7006A967C /* Resources */,
			);
			buildRules = (
			);
			dependencies = (
			);
			name = Domain;
			productName = Domain;
			productReference = 2F30993C2963D0E7006A967C /* Domain.framework */;
			productType = "com.apple.product-type.framework";
		};
		2F30994C2963D118006A967C /* NetworkPlatform */ = {
			isa = PBXNativeTarget;
			buildConfigurationList = 2F3099552963D119006A967C /* Build configuration list for PBXNativeTarget "NetworkPlatform" */;
			buildPhases = (
				EF79938FABEB20074B424289 /* [CP] Check Pods Manifest.lock */,
				2F3099482963D118006A967C /* Headers */,
				2F3099492963D118006A967C /* Sources */,
				2F30994A2963D118006A967C /* Frameworks */,
				2F30994B2963D118006A967C /* Resources */,
			);
			buildRules = (
			);
			dependencies = (
			);
			name = NetworkPlatform;
			productName = NetworkPlatform;
			productReference = 2F30994D2963D118006A967C /* NetworkPlatform.framework */;
			productType = "com.apple.product-type.framework";
		};
/* End PBXNativeTarget section */

/* Begin PBXProject section */
		2F3099102963C5DA006A967C /* Project object */ = {
			isa = PBXProject;
			attributes = {
				BuildIndependentTargetsInParallel = 1;
				LastSwiftUpdateCheck = 1420;
				LastUpgradeCheck = 1420;
				TargetAttributes = {
					2F3099172963C5DA006A967C = {
						CreatedOnToolsVersion = 14.2;
					};
					2F30993B2963D0E7006A967C = {
						CreatedOnToolsVersion = 14.2;
						LastSwiftMigration = 1420;
					};
					2F30994C2963D118006A967C = {
						CreatedOnToolsVersion = 14.2;
						LastSwiftMigration = 1420;
					};
				};
			};
			buildConfigurationList = 2F3099132963C5DA006A967C /* Build configuration list for PBXProject "Gifton" */;
			compatibilityVersion = "Xcode 13.0";
			developmentRegion = en;
			hasScannedForEncodings = 0;
			knownRegions = (
				en,
				Base,
			);
			mainGroup = 2F30990F2963C5DA006A967C;
			productRefGroup = 2F3099192963C5DA006A967C /* Products */;
			projectDirPath = "";
			projectRoot = "";
			targets = (
				2F3099172963C5DA006A967C /* Gifton */,
				2F30993B2963D0E7006A967C /* Domain */,
				2F30994C2963D118006A967C /* NetworkPlatform */,
			);
		};
/* End PBXProject section */

/* Begin PBXResourcesBuildPhase section */
		2F3099162963C5DA006A967C /* Resources */ = {
			isa = PBXResourcesBuildPhase;
			buildActionMask = 2147483647;
			files = (
				2F3099282963C5DD006A967C /* LaunchScreen.storyboard in Resources */,
				2FBD4A61296E4B0300E5A915 /* MontserratAlternates-SemiBold.ttf in Resources */,
				2FBD4A65296E4B0300E5A915 /* MontserratAlternates-ExtraBold.ttf in Resources */,
				2F3099252963C5DD006A967C /* Assets.xcassets in Resources */,
				2FBD4A62296E4B0300E5A915 /* MontserratAlternates-Black.ttf in Resources */,
				2FBD4A66296E4B0300E5A915 /* MontserratAlternates-ExtraLight.ttf in Resources */,
				2FBD4A63296E4B0300E5A915 /* MontserratAlternates-Regular.ttf in Resources */,
				2FBD4A64296E4B0300E5A915 /* MontserratAlternates-Bold.ttf in Resources */,
				2FBD4A60296E4B0300E5A915 /* MontserratAlternates-Thin.ttf in Resources */,
				2FBD4A67296E4B0300E5A915 /* MontserratAlternates-Medium.ttf in Resources */,
			);
			runOnlyForDeploymentPostprocessing = 0;
		};
		2F30993A2963D0E7006A967C /* Resources */ = {
			isa = PBXResourcesBuildPhase;
			buildActionMask = 2147483647;
			files = (
			);
			runOnlyForDeploymentPostprocessing = 0;
		};
		2F30994B2963D118006A967C /* Resources */ = {
			isa = PBXResourcesBuildPhase;
			buildActionMask = 2147483647;
			files = (
			);
			runOnlyForDeploymentPostprocessing = 0;
		};
/* End PBXResourcesBuildPhase section */

/* Begin PBXShellScriptBuildPhase section */
		7C9975A363A147D99587852E /* [CP] Check Pods Manifest.lock */ = {
			isa = PBXShellScriptBuildPhase;
			buildActionMask = 2147483647;
			files = (
			);
			inputFileListPaths = (
			);
			inputPaths = (
				"${PODS_PODFILE_DIR_PATH}/Podfile.lock",
				"${PODS_ROOT}/Manifest.lock",
			);
			name = "[CP] Check Pods Manifest.lock";
			outputFileListPaths = (
			);
			outputPaths = (
				"$(DERIVED_FILE_DIR)/Pods-Gifton-checkManifestLockResult.txt",
			);
			runOnlyForDeploymentPostprocessing = 0;
			shellPath = /bin/sh;
			shellScript = "diff \"${PODS_PODFILE_DIR_PATH}/Podfile.lock\" \"${PODS_ROOT}/Manifest.lock\" > /dev/null\nif [ $? != 0 ] ; then\n    # print error to STDERR\n    echo \"error: The sandbox is not in sync with the Podfile.lock. Run 'pod install' or update your CocoaPods installation.\" >&2\n    exit 1\nfi\n# This output is used by Xcode 'outputs' to avoid re-running this script phase.\necho \"SUCCESS\" > \"${SCRIPT_OUTPUT_FILE_0}\"\n";
			showEnvVarsInLog = 0;
		};
		7E491BB0E239FACD1E30CA96 /* [CP] Embed Pods Frameworks */ = {
			isa = PBXShellScriptBuildPhase;
			buildActionMask = 2147483647;
			files = (
			);
			inputFileListPaths = (
				"${PODS_ROOT}/Target Support Files/Pods-Gifton/Pods-Gifton-frameworks-${CONFIGURATION}-input-files.xcfilelist",
			);
			name = "[CP] Embed Pods Frameworks";
			outputFileListPaths = (
				"${PODS_ROOT}/Target Support Files/Pods-Gifton/Pods-Gifton-frameworks-${CONFIGURATION}-output-files.xcfilelist",
			);
			runOnlyForDeploymentPostprocessing = 0;
			shellPath = /bin/sh;
			shellScript = "\"${PODS_ROOT}/Target Support Files/Pods-Gifton/Pods-Gifton-frameworks.sh\"\n";
			showEnvVarsInLog = 0;
		};
		91B8F7CA844C7C07573A5769 /* [CP] Check Pods Manifest.lock */ = {
			isa = PBXShellScriptBuildPhase;
			buildActionMask = 2147483647;
			files = (
			);
			inputFileListPaths = (
			);
			inputPaths = (
				"${PODS_PODFILE_DIR_PATH}/Podfile.lock",
				"${PODS_ROOT}/Manifest.lock",
			);
			name = "[CP] Check Pods Manifest.lock";
			outputFileListPaths = (
			);
			outputPaths = (
				"$(DERIVED_FILE_DIR)/Pods-Domain-checkManifestLockResult.txt",
			);
			runOnlyForDeploymentPostprocessing = 0;
			shellPath = /bin/sh;
			shellScript = "diff \"${PODS_PODFILE_DIR_PATH}/Podfile.lock\" \"${PODS_ROOT}/Manifest.lock\" > /dev/null\nif [ $? != 0 ] ; then\n    # print error to STDERR\n    echo \"error: The sandbox is not in sync with the Podfile.lock. Run 'pod install' or update your CocoaPods installation.\" >&2\n    exit 1\nfi\n# This output is used by Xcode 'outputs' to avoid re-running this script phase.\necho \"SUCCESS\" > \"${SCRIPT_OUTPUT_FILE_0}\"\n";
			showEnvVarsInLog = 0;
		};
		EF79938FABEB20074B424289 /* [CP] Check Pods Manifest.lock */ = {
			isa = PBXShellScriptBuildPhase;
			buildActionMask = 2147483647;
			files = (
			);
			inputFileListPaths = (
			);
			inputPaths = (
				"${PODS_PODFILE_DIR_PATH}/Podfile.lock",
				"${PODS_ROOT}/Manifest.lock",
			);
			name = "[CP] Check Pods Manifest.lock";
			outputFileListPaths = (
			);
			outputPaths = (
				"$(DERIVED_FILE_DIR)/Pods-NetworkPlatform-checkManifestLockResult.txt",
			);
			runOnlyForDeploymentPostprocessing = 0;
			shellPath = /bin/sh;
			shellScript = "diff \"${PODS_PODFILE_DIR_PATH}/Podfile.lock\" \"${PODS_ROOT}/Manifest.lock\" > /dev/null\nif [ $? != 0 ] ; then\n    # print error to STDERR\n    echo \"error: The sandbox is not in sync with the Podfile.lock. Run 'pod install' or update your CocoaPods installation.\" >&2\n    exit 1\nfi\n# This output is used by Xcode 'outputs' to avoid re-running this script phase.\necho \"SUCCESS\" > \"${SCRIPT_OUTPUT_FILE_0}\"\n";
			showEnvVarsInLog = 0;
		};
/* End PBXShellScriptBuildPhase section */

/* Begin PBXSourcesBuildPhase section */
		2F3099142963C5DA006A967C /* Sources */ = {
			isa = PBXSourcesBuildPhase;
			buildActionMask = 2147483647;
			files = (
				2F87FC8A2966C2AE00D72233 /* GiftsViewModel.swift in Sources */,
				2FBD4A78296FA70400E5A915 /* CNContactPickerViewController+Rx.swift in Sources */,
				2FBD4A72296E6E7400E5A915 /* GiftDetailViewModel.swift in Sources */,
				2F30995E296409A7006A967C /* GiftsViewController.swift in Sources */,
				2F87FC862966BE0400D72233 /* GiftCategoryCollectionViewCell.swift in Sources */,
				2FBD4A6E296E557F00E5A915 /* GiftDetailViewController.swift in Sources */,
				2FBD4A7B296FC6B100E5A915 /* GiftCardViewController.swift in Sources */,
				2F87FC842965594000D72233 /* SearchField.swift in Sources */,
				2FBD4A81296FDD5100E5A915 /* GiftCardCollectionViewCell.swift in Sources */,
				2FB58119296D3E1100C986A1 /* ActivityIndicator.swift in Sources */,
				2FBD4A70296E6C6A00E5A915 /* GiftDetailCoordinator.swift in Sources */,
				2F3099202963C5DA006A967C /* ViewController.swift in Sources */,
				2F87FC882966BF0700D72233 /* GiftCategoryItemViewModel.swift in Sources */,
				2FBD4A83296FDDB300E5A915 /* GiftCardItemViewModel.swift in Sources */,
				2FBD4A7F296FD8EF00E5A915 /* GiftCardCoordinator.swift in Sources */,
				2FB5811B296D3E3800C986A1 /* ErrorTracker.swift in Sources */,
				2F30991C2963C5DA006A967C /* AppDelegate.swift in Sources */,
				2FB58117296D0CCA00C986A1 /* GiftsCoordinator.swift in Sources */,
				2FBD4A6B296E534E00E5A915 /* Coordinator.swift in Sources */,
				2FB580FE296C0ED200C986A1 /* GiftCollectionViewCell.swift in Sources */,
				2FBD4A74296E797900E5A915 /* PaddingButton.swift in Sources */,
				2FBD4A7D296FD82100E5A915 /* GiftCardViewModel.swift in Sources */,
				2FB580F9296C0BF400C986A1 /* GiftItemViewModel.swift in Sources */,
				2FB5811D296D3F5D00C986A1 /* Observable+Extension.swift in Sources */,
				2F30991E2963C5DA006A967C /* SceneDelegate.swift in Sources */,
				2FBD4A69296E4B9D00E5A915 /* UIFont+Extension.swift in Sources */,
				2F87FC8D2966C2D400D72233 /* ViewModelType.swift in Sources */,
			);
			runOnlyForDeploymentPostprocessing = 0;
		};
		2F3099382963D0E7006A967C /* Sources */ = {
			isa = PBXSourcesBuildPhase;
			buildActionMask = 2147483647;
			files = (
				2FB580FC296C0DEE00C986A1 /* Gift.swift in Sources */,
				2FB58105296CFAA900C986A1 /* UseCaseProvider.swift in Sources */,
				2FB58121296D404700C986A1 /* GiftError.swift in Sources */,
				2FB58100296CED8300C986A1 /* GiftsUseCase.swift in Sources */,
			);
			runOnlyForDeploymentPostprocessing = 0;
		};
		2F3099492963D118006A967C /* Sources */ = {
			isa = PBXSourcesBuildPhase;
			buildActionMask = 2147483647;
			files = (
				2FB58115296D064400C986A1 /* AnyDecodable.swift in Sources */,
				2FB58113296D057400C986A1 /* BaseResponse.swift in Sources */,
				2FB58103296CFA7900C986A1 /* UseCaseProvider.swift in Sources */,
				2FB58107296CFB1900C986A1 /* GiftsUseCase.swift in Sources */,
				2FB5810A296CFDE700C986A1 /* Network.swift in Sources */,
			);
			runOnlyForDeploymentPostprocessing = 0;
		};
/* End PBXSourcesBuildPhase section */

/* Begin PBXTargetDependency section */
		2F3099412963D0E7006A967C /* PBXTargetDependency */ = {
			isa = PBXTargetDependency;
			target = 2F30993B2963D0E7006A967C /* Domain */;
			targetProxy = 2F3099402963D0E7006A967C /* PBXContainerItemProxy */;
		};
		2F3099522963D118006A967C /* PBXTargetDependency */ = {
			isa = PBXTargetDependency;
			target = 2F30994C2963D118006A967C /* NetworkPlatform */;
			targetProxy = 2F3099512963D118006A967C /* PBXContainerItemProxy */;
		};
/* End PBXTargetDependency section */

/* Begin PBXVariantGroup section */
		2F3099262963C5DD006A967C /* LaunchScreen.storyboard */ = {
			isa = PBXVariantGroup;
			children = (
				2F3099272963C5DD006A967C /* Base */,
			);
			name = LaunchScreen.storyboard;
			sourceTree = "<group>";
		};
/* End PBXVariantGroup section */

/* Begin XCBuildConfiguration section */
		2F30992A2963C5DD006A967C /* Debug */ = {
			isa = XCBuildConfiguration;
			buildSettings = {
				ALWAYS_SEARCH_USER_PATHS = NO;
				CLANG_ANALYZER_NONNULL = YES;
				CLANG_ANALYZER_NUMBER_OBJECT_CONVERSION = YES_AGGRESSIVE;
				CLANG_CXX_LANGUAGE_STANDARD = "gnu++20";
				CLANG_ENABLE_MODULES = YES;
				CLANG_ENABLE_OBJC_ARC = YES;
				CLANG_ENABLE_OBJC_WEAK = YES;
				CLANG_WARN_BLOCK_CAPTURE_AUTORELEASING = YES;
				CLANG_WARN_BOOL_CONVERSION = YES;
				CLANG_WARN_COMMA = YES;
				CLANG_WARN_CONSTANT_CONVERSION = YES;
				CLANG_WARN_DEPRECATED_OBJC_IMPLEMENTATIONS = YES;
				CLANG_WARN_DIRECT_OBJC_ISA_USAGE = YES_ERROR;
				CLANG_WARN_DOCUMENTATION_COMMENTS = YES;
				CLANG_WARN_EMPTY_BODY = YES;
				CLANG_WARN_ENUM_CONVERSION = YES;
				CLANG_WARN_INFINITE_RECURSION = YES;
				CLANG_WARN_INT_CONVERSION = YES;
				CLANG_WARN_NON_LITERAL_NULL_CONVERSION = YES;
				CLANG_WARN_OBJC_IMPLICIT_RETAIN_SELF = YES;
				CLANG_WARN_OBJC_LITERAL_CONVERSION = YES;
				CLANG_WARN_OBJC_ROOT_CLASS = YES_ERROR;
				CLANG_WARN_QUOTED_INCLUDE_IN_FRAMEWORK_HEADER = YES;
				CLANG_WARN_RANGE_LOOP_ANALYSIS = YES;
				CLANG_WARN_STRICT_PROTOTYPES = YES;
				CLANG_WARN_SUSPICIOUS_MOVE = YES;
				CLANG_WARN_UNGUARDED_AVAILABILITY = YES_AGGRESSIVE;
				CLANG_WARN_UNREACHABLE_CODE = YES;
				CLANG_WARN__DUPLICATE_METHOD_MATCH = YES;
				COPY_PHASE_STRIP = NO;
				DEBUG_INFORMATION_FORMAT = dwarf;
				ENABLE_STRICT_OBJC_MSGSEND = YES;
				ENABLE_TESTABILITY = YES;
				GCC_C_LANGUAGE_STANDARD = gnu11;
				GCC_DYNAMIC_NO_PIC = NO;
				GCC_NO_COMMON_BLOCKS = YES;
				GCC_OPTIMIZATION_LEVEL = 0;
				GCC_PREPROCESSOR_DEFINITIONS = (
					"DEBUG=1",
					"$(inherited)",
				);
				GCC_WARN_64_TO_32_BIT_CONVERSION = YES;
				GCC_WARN_ABOUT_RETURN_TYPE = YES_ERROR;
				GCC_WARN_UNDECLARED_SELECTOR = YES;
				GCC_WARN_UNINITIALIZED_AUTOS = YES_AGGRESSIVE;
				GCC_WARN_UNUSED_FUNCTION = YES;
				GCC_WARN_UNUSED_VARIABLE = YES;
				IPHONEOS_DEPLOYMENT_TARGET = 13.0;
				MTL_ENABLE_DEBUG_INFO = INCLUDE_SOURCE;
				MTL_FAST_MATH = YES;
				ONLY_ACTIVE_ARCH = YES;
				SDKROOT = iphoneos;
				SWIFT_ACTIVE_COMPILATION_CONDITIONS = DEBUG;
				SWIFT_OPTIMIZATION_LEVEL = "-Onone";
			};
			name = Debug;
		};
		2F30992B2963C5DD006A967C /* Release */ = {
			isa = XCBuildConfiguration;
			buildSettings = {
				ALWAYS_SEARCH_USER_PATHS = NO;
				CLANG_ANALYZER_NONNULL = YES;
				CLANG_ANALYZER_NUMBER_OBJECT_CONVERSION = YES_AGGRESSIVE;
				CLANG_CXX_LANGUAGE_STANDARD = "gnu++20";
				CLANG_ENABLE_MODULES = YES;
				CLANG_ENABLE_OBJC_ARC = YES;
				CLANG_ENABLE_OBJC_WEAK = YES;
				CLANG_WARN_BLOCK_CAPTURE_AUTORELEASING = YES;
				CLANG_WARN_BOOL_CONVERSION = YES;
				CLANG_WARN_COMMA = YES;
				CLANG_WARN_CONSTANT_CONVERSION = YES;
				CLANG_WARN_DEPRECATED_OBJC_IMPLEMENTATIONS = YES;
				CLANG_WARN_DIRECT_OBJC_ISA_USAGE = YES_ERROR;
				CLANG_WARN_DOCUMENTATION_COMMENTS = YES;
				CLANG_WARN_EMPTY_BODY = YES;
				CLANG_WARN_ENUM_CONVERSION = YES;
				CLANG_WARN_INFINITE_RECURSION = YES;
				CLANG_WARN_INT_CONVERSION = YES;
				CLANG_WARN_NON_LITERAL_NULL_CONVERSION = YES;
				CLANG_WARN_OBJC_IMPLICIT_RETAIN_SELF = YES;
				CLANG_WARN_OBJC_LITERAL_CONVERSION = YES;
				CLANG_WARN_OBJC_ROOT_CLASS = YES_ERROR;
				CLANG_WARN_QUOTED_INCLUDE_IN_FRAMEWORK_HEADER = YES;
				CLANG_WARN_RANGE_LOOP_ANALYSIS = YES;
				CLANG_WARN_STRICT_PROTOTYPES = YES;
				CLANG_WARN_SUSPICIOUS_MOVE = YES;
				CLANG_WARN_UNGUARDED_AVAILABILITY = YES_AGGRESSIVE;
				CLANG_WARN_UNREACHABLE_CODE = YES;
				CLANG_WARN__DUPLICATE_METHOD_MATCH = YES;
				COPY_PHASE_STRIP = NO;
				DEBUG_INFORMATION_FORMAT = "dwarf-with-dsym";
				ENABLE_NS_ASSERTIONS = NO;
				ENABLE_STRICT_OBJC_MSGSEND = YES;
				GCC_C_LANGUAGE_STANDARD = gnu11;
				GCC_NO_COMMON_BLOCKS = YES;
				GCC_WARN_64_TO_32_BIT_CONVERSION = YES;
				GCC_WARN_ABOUT_RETURN_TYPE = YES_ERROR;
				GCC_WARN_UNDECLARED_SELECTOR = YES;
				GCC_WARN_UNINITIALIZED_AUTOS = YES_AGGRESSIVE;
				GCC_WARN_UNUSED_FUNCTION = YES;
				GCC_WARN_UNUSED_VARIABLE = YES;
				IPHONEOS_DEPLOYMENT_TARGET = 13.0;
				MTL_ENABLE_DEBUG_INFO = NO;
				MTL_FAST_MATH = YES;
				SDKROOT = iphoneos;
				SWIFT_COMPILATION_MODE = wholemodule;
				SWIFT_OPTIMIZATION_LEVEL = "-O";
				VALIDATE_PRODUCT = YES;
			};
			name = Release;
		};
		2F30992D2963C5DD006A967C /* Debug */ = {
			isa = XCBuildConfiguration;
			baseConfigurationReference = 18A31A7C7FCC534056FB973C /* Pods-Gifton.debug.xcconfig */;
			buildSettings = {
				ALWAYS_EMBED_SWIFT_STANDARD_LIBRARIES = YES;
				ASSETCATALOG_COMPILER_APPICON_NAME = AppIcon;
				ASSETCATALOG_COMPILER_GLOBAL_ACCENT_COLOR_NAME = AccentColor;
				CODE_SIGN_STYLE = Automatic;
				CURRENT_PROJECT_VERSION = 1;
				DEVELOPMENT_TEAM = BZSC89933R;
				GENERATE_INFOPLIST_FILE = YES;
				INFOPLIST_FILE = Gifton/Info.plist;
				INFOPLIST_KEY_UIApplicationSupportsIndirectInputEvents = YES;
				INFOPLIST_KEY_UILaunchStoryboardName = LaunchScreen;
				INFOPLIST_KEY_UISupportedInterfaceOrientations_iPad = "UIInterfaceOrientationPortrait UIInterfaceOrientationPortraitUpsideDown UIInterfaceOrientationLandscapeLeft UIInterfaceOrientationLandscapeRight";
				INFOPLIST_KEY_UISupportedInterfaceOrientations_iPhone = "UIInterfaceOrientationPortrait UIInterfaceOrientationLandscapeLeft UIInterfaceOrientationLandscapeRight";
				LD_RUNPATH_SEARCH_PATHS = (
					"$(inherited)",
					"@executable_path/Frameworks",
				);
				MARKETING_VERSION = 1.0;
				PRODUCT_BUNDLE_IDENTIFIER = com.minestrone.Gifton;
				PRODUCT_NAME = "$(TARGET_NAME)";
				SWIFT_EMIT_LOC_STRINGS = YES;
				SWIFT_VERSION = 5.0;
				TARGETED_DEVICE_FAMILY = "1,2";
			};
			name = Debug;
		};
		2F30992E2963C5DD006A967C /* Release */ = {
			isa = XCBuildConfiguration;
			baseConfigurationReference = 4C83054415AD78D5CE45C623 /* Pods-Gifton.release.xcconfig */;
			buildSettings = {
				ALWAYS_EMBED_SWIFT_STANDARD_LIBRARIES = YES;
				ASSETCATALOG_COMPILER_APPICON_NAME = AppIcon;
				ASSETCATALOG_COMPILER_GLOBAL_ACCENT_COLOR_NAME = AccentColor;
				CODE_SIGN_STYLE = Automatic;
				CURRENT_PROJECT_VERSION = 1;
				DEVELOPMENT_TEAM = BZSC89933R;
				GENERATE_INFOPLIST_FILE = YES;
				INFOPLIST_FILE = Gifton/Info.plist;
				INFOPLIST_KEY_UIApplicationSupportsIndirectInputEvents = YES;
				INFOPLIST_KEY_UILaunchStoryboardName = LaunchScreen;
				INFOPLIST_KEY_UISupportedInterfaceOrientations_iPad = "UIInterfaceOrientationPortrait UIInterfaceOrientationPortraitUpsideDown UIInterfaceOrientationLandscapeLeft UIInterfaceOrientationLandscapeRight";
				INFOPLIST_KEY_UISupportedInterfaceOrientations_iPhone = "UIInterfaceOrientationPortrait UIInterfaceOrientationLandscapeLeft UIInterfaceOrientationLandscapeRight";
				LD_RUNPATH_SEARCH_PATHS = (
					"$(inherited)",
					"@executable_path/Frameworks",
				);
				MARKETING_VERSION = 1.0;
				PRODUCT_BUNDLE_IDENTIFIER = com.minestrone.Gifton;
				PRODUCT_NAME = "$(TARGET_NAME)";
				SWIFT_EMIT_LOC_STRINGS = YES;
				SWIFT_VERSION = 5.0;
				TARGETED_DEVICE_FAMILY = "1,2";
			};
			name = Release;
		};
		2F3099452963D0E7006A967C /* Debug */ = {
			isa = XCBuildConfiguration;
			baseConfigurationReference = 73518FE95CFB1BA5EF638E4E /* Pods-Domain.debug.xcconfig */;
			buildSettings = {
				CLANG_ENABLE_MODULES = YES;
				CODE_SIGN_STYLE = Automatic;
				CURRENT_PROJECT_VERSION = 1;
				DEFINES_MODULE = YES;
				DEVELOPMENT_TEAM = BZSC89933R;
				DYLIB_COMPATIBILITY_VERSION = 1;
				DYLIB_CURRENT_VERSION = 1;
				DYLIB_INSTALL_NAME_BASE = "@rpath";
				GENERATE_INFOPLIST_FILE = YES;
				INFOPLIST_KEY_NSHumanReadableCopyright = "";
				INSTALL_PATH = "$(LOCAL_LIBRARY_DIR)/Frameworks";
				LD_RUNPATH_SEARCH_PATHS = (
					"$(inherited)",
					"@executable_path/Frameworks",
					"@loader_path/Frameworks",
				);
				MARKETING_VERSION = 1.0;
				PRODUCT_BUNDLE_IDENTIFIER = com.minestrone.Domain;
				PRODUCT_NAME = "$(TARGET_NAME:c99extidentifier)";
				SKIP_INSTALL = YES;
				SWIFT_EMIT_LOC_STRINGS = YES;
				SWIFT_OPTIMIZATION_LEVEL = "-Onone";
				SWIFT_VERSION = 5.0;
				TARGETED_DEVICE_FAMILY = "1,2";
				VERSIONING_SYSTEM = "apple-generic";
				VERSION_INFO_PREFIX = "";
			};
			name = Debug;
		};
		2F3099462963D0E7006A967C /* Release */ = {
			isa = XCBuildConfiguration;
			baseConfigurationReference = 61B7F435F36F89633CB757CF /* Pods-Domain.release.xcconfig */;
			buildSettings = {
				CLANG_ENABLE_MODULES = YES;
				CODE_SIGN_STYLE = Automatic;
				CURRENT_PROJECT_VERSION = 1;
				DEFINES_MODULE = YES;
				DEVELOPMENT_TEAM = BZSC89933R;
				DYLIB_COMPATIBILITY_VERSION = 1;
				DYLIB_CURRENT_VERSION = 1;
				DYLIB_INSTALL_NAME_BASE = "@rpath";
				GENERATE_INFOPLIST_FILE = YES;
				INFOPLIST_KEY_NSHumanReadableCopyright = "";
				INSTALL_PATH = "$(LOCAL_LIBRARY_DIR)/Frameworks";
				LD_RUNPATH_SEARCH_PATHS = (
					"$(inherited)",
					"@executable_path/Frameworks",
					"@loader_path/Frameworks",
				);
				MARKETING_VERSION = 1.0;
				PRODUCT_BUNDLE_IDENTIFIER = com.minestrone.Domain;
				PRODUCT_NAME = "$(TARGET_NAME:c99extidentifier)";
				SKIP_INSTALL = YES;
				SWIFT_EMIT_LOC_STRINGS = YES;
				SWIFT_VERSION = 5.0;
				TARGETED_DEVICE_FAMILY = "1,2";
				VERSIONING_SYSTEM = "apple-generic";
				VERSION_INFO_PREFIX = "";
			};
			name = Release;
		};
		2F3099562963D119006A967C /* Debug */ = {
			isa = XCBuildConfiguration;
			baseConfigurationReference = 037E96EF14F61DE5B84AD04C /* Pods-NetworkPlatform.debug.xcconfig */;
			buildSettings = {
				CLANG_ENABLE_MODULES = YES;
				CODE_SIGN_STYLE = Automatic;
				CURRENT_PROJECT_VERSION = 1;
				DEFINES_MODULE = YES;
				DEVELOPMENT_TEAM = "";
				DYLIB_COMPATIBILITY_VERSION = 1;
				DYLIB_CURRENT_VERSION = 1;
				DYLIB_INSTALL_NAME_BASE = "@rpath";
				GENERATE_INFOPLIST_FILE = YES;
				INFOPLIST_KEY_NSHumanReadableCopyright = "";
				INSTALL_PATH = "$(LOCAL_LIBRARY_DIR)/Frameworks";
				LD_RUNPATH_SEARCH_PATHS = (
					"$(inherited)",
					"@executable_path/Frameworks",
					"@loader_path/Frameworks",
				);
				MARKETING_VERSION = 1.0;
				PRODUCT_BUNDLE_IDENTIFIER = com.minestrone.NetworkPlatform;
				PRODUCT_NAME = "$(TARGET_NAME:c99extidentifier)";
				SKIP_INSTALL = YES;
				SWIFT_EMIT_LOC_STRINGS = YES;
				SWIFT_OPTIMIZATION_LEVEL = "-Onone";
				SWIFT_VERSION = 5.0;
				TARGETED_DEVICE_FAMILY = "1,2";
				VERSIONING_SYSTEM = "apple-generic";
				VERSION_INFO_PREFIX = "";
			};
			name = Debug;
		};
		2F3099572963D119006A967C /* Release */ = {
			isa = XCBuildConfiguration;
			baseConfigurationReference = 51E7F6BDEC88112CE145786C /* Pods-NetworkPlatform.release.xcconfig */;
			buildSettings = {
				CLANG_ENABLE_MODULES = YES;
				CODE_SIGN_STYLE = Automatic;
				CURRENT_PROJECT_VERSION = 1;
				DEFINES_MODULE = YES;
				DEVELOPMENT_TEAM = "";
				DYLIB_COMPATIBILITY_VERSION = 1;
				DYLIB_CURRENT_VERSION = 1;
				DYLIB_INSTALL_NAME_BASE = "@rpath";
				GENERATE_INFOPLIST_FILE = YES;
				INFOPLIST_KEY_NSHumanReadableCopyright = "";
				INSTALL_PATH = "$(LOCAL_LIBRARY_DIR)/Frameworks";
				LD_RUNPATH_SEARCH_PATHS = (
					"$(inherited)",
					"@executable_path/Frameworks",
					"@loader_path/Frameworks",
				);
				MARKETING_VERSION = 1.0;
				PRODUCT_BUNDLE_IDENTIFIER = com.minestrone.NetworkPlatform;
				PRODUCT_NAME = "$(TARGET_NAME:c99extidentifier)";
				SKIP_INSTALL = YES;
				SWIFT_EMIT_LOC_STRINGS = YES;
				SWIFT_VERSION = 5.0;
				TARGETED_DEVICE_FAMILY = "1,2";
				VERSIONING_SYSTEM = "apple-generic";
				VERSION_INFO_PREFIX = "";
			};
			name = Release;
		};
/* End XCBuildConfiguration section */

/* Begin XCConfigurationList section */
		2F3099132963C5DA006A967C /* Build configuration list for PBXProject "Gifton" */ = {
			isa = XCConfigurationList;
			buildConfigurations = (
				2F30992A2963C5DD006A967C /* Debug */,
				2F30992B2963C5DD006A967C /* Release */,
			);
			defaultConfigurationIsVisible = 0;
			defaultConfigurationName = Release;
		};
		2F30992C2963C5DD006A967C /* Build configuration list for PBXNativeTarget "Gifton" */ = {
			isa = XCConfigurationList;
			buildConfigurations = (
				2F30992D2963C5DD006A967C /* Debug */,
				2F30992E2963C5DD006A967C /* Release */,
			);
			defaultConfigurationIsVisible = 0;
			defaultConfigurationName = Release;
		};
		2F3099442963D0E7006A967C /* Build configuration list for PBXNativeTarget "Domain" */ = {
			isa = XCConfigurationList;
			buildConfigurations = (
				2F3099452963D0E7006A967C /* Debug */,
				2F3099462963D0E7006A967C /* Release */,
			);
			defaultConfigurationIsVisible = 0;
			defaultConfigurationName = Release;
		};
		2F3099552963D119006A967C /* Build configuration list for PBXNativeTarget "NetworkPlatform" */ = {
			isa = XCConfigurationList;
			buildConfigurations = (
				2F3099562963D119006A967C /* Debug */,
				2F3099572963D119006A967C /* Release */,
			);
			defaultConfigurationIsVisible = 0;
			defaultConfigurationName = Release;
		};
/* End XCConfigurationList section */
	};
	rootObject = 2F3099102963C5DA006A967C /* Project object */;
}
