// !$*UTF8*$!
{
	archiveVersion = 1;
	classes = {
	};
	objectVersion = 56;
	objects = {

/* Begin PBXBuildFile section */
		2F30991C2963C5DA006A967C /* AppDelegate.swift in Sources */ = {isa = PBXBuildFile; fileRef = 2F30991B2963C5DA006A967C /* AppDelegate.swift */; };
		2F30991E2963C5DA006A967C /* SceneDelegate.swift in Sources */ = {isa = PBXBuildFile; fileRef = 2F30991D2963C5DA006A967C /* SceneDelegate.swift */; };
		2F3099202963C5DA006A967C /* ViewController.swift in Sources */ = {isa = PBXBuildFile; fileRef = 2F30991F2963C5DA006A967C /* ViewController.swift */; };
		2F3099252963C5DD006A967C /* Assets.xcassets in Resources */ = {isa = PBXBuildFile; fileRef = 2F3099242963C5DD006A967C /* Assets.xcassets */; };
		2F3099282963C5DD006A967C /* LaunchScreen.storyboard in Resources */ = {isa = PBXBuildFile; fileRef = 2F3099262963C5DD006A967C /* LaunchScreen.storyboard */; };
		2F3099312963D039006A967C /* RxCocoa in Frameworks */ = {isa = PBXBuildFile; productRef = 2F3099302963D039006A967C /* RxCocoa */; };
		2F3099332963D039006A967C /* RxRelay in Frameworks */ = {isa = PBXBuildFile; productRef = 2F3099322963D039006A967C /* RxRelay */; };
		2F3099352963D039006A967C /* RxSwift in Frameworks */ = {isa = PBXBuildFile; productRef = 2F3099342963D039006A967C /* RxSwift */; };
		2F30993F2963D0E7006A967C /* Domain.h in Headers */ = {isa = PBXBuildFile; fileRef = 2F30993E2963D0E7006A967C /* Domain.h */; settings = {ATTRIBUTES = (Public, ); }; };
		2F3099422963D0E7006A967C /* Domain.framework in Frameworks */ = {isa = PBXBuildFile; fileRef = 2F30993C2963D0E7006A967C /* Domain.framework */; };
		2F3099432963D0E7006A967C /* Domain.framework in Embed Frameworks */ = {isa = PBXBuildFile; fileRef = 2F30993C2963D0E7006A967C /* Domain.framework */; settings = {ATTRIBUTES = (CodeSignOnCopy, RemoveHeadersOnCopy, ); }; };
		2F3099502963D118006A967C /* NetworkPlatform.h in Headers */ = {isa = PBXBuildFile; fileRef = 2F30994F2963D118006A967C /* NetworkPlatform.h */; settings = {ATTRIBUTES = (Public, ); }; };
		2F3099532963D118006A967C /* NetworkPlatform.framework in Frameworks */ = {isa = PBXBuildFile; fileRef = 2F30994D2963D118006A967C /* NetworkPlatform.framework */; };
		2F3099542963D118006A967C /* NetworkPlatform.framework in Embed Frameworks */ = {isa = PBXBuildFile; fileRef = 2F30994D2963D118006A967C /* NetworkPlatform.framework */; settings = {ATTRIBUTES = (CodeSignOnCopy, RemoveHeadersOnCopy, ); }; };
/* End PBXBuildFile section */

/* Begin PBXContainerItemProxy section */
		2F3099402963D0E7006A967C /* PBXContainerItemProxy */ = {
			isa = PBXContainerItemProxy;
			containerPortal = 2F3099102963C5DA006A967C /* Project object */;
			proxyType = 1;
			remoteGlobalIDString = 2F30993B2963D0E7006A967C;
			remoteInfo = Domain;
		};
		2F3099512963D118006A967C /* PBXContainerItemProxy */ = {
			isa = PBXContainerItemProxy;
			containerPortal = 2F3099102963C5DA006A967C /* Project object */;
			proxyType = 1;
			remoteGlobalIDString = 2F30994C2963D118006A967C;
			remoteInfo = NetworkPlatform;
		};
/* End PBXContainerItemProxy section */

/* Begin PBXCopyFilesBuildPhase section */
		2F3099472963D0E7006A967C /* Embed Frameworks */ = {
			isa = PBXCopyFilesBuildPhase;
			buildActionMask = 2147483647;
			dstPath = "";
			dstSubfolderSpec = 10;
			files = (
				2F3099542963D118006A967C /* NetworkPlatform.framework in Embed Frameworks */,
				2F3099432963D0E7006A967C /* Domain.framework in Embed Frameworks */,
			);
			name = "Embed Frameworks";
			runOnlyForDeploymentPostprocessing = 0;
		};
/* End PBXCopyFilesBuildPhase section */

/* Begin PBXFileReference section */
		2F3099182963C5DA006A967C /* Gifton.app */ = {isa = PBXFileReference; explicitFileType = wrapper.application; includeInIndex = 0; path = Gifton.app; sourceTree = BUILT_PRODUCTS_DIR; };
		2F30991B2963C5DA006A967C /* AppDelegate.swift */ = {isa = PBXFileReference; lastKnownFileType = sourcecode.swift; path = AppDelegate.swift; sourceTree = "<group>"; };
		2F30991D2963C5DA006A967C /* SceneDelegate.swift */ = {isa = PBXFileReference; lastKnownFileType = sourcecode.swift; path = SceneDelegate.swift; sourceTree = "<group>"; };
		2F30991F2963C5DA006A967C /* ViewController.swift */ = {isa = PBXFileReference; lastKnownFileType = sourcecode.swift; path = ViewController.swift; sourceTree = "<group>"; };
		2F3099242963C5DD006A967C /* Assets.xcassets */ = {isa = PBXFileReference; lastKnownFileType = folder.assetcatalog; path = Assets.xcassets; sourceTree = "<group>"; };
		2F3099272963C5DD006A967C /* Base */ = {isa = PBXFileReference; lastKnownFileType = file.storyboard; name = Base; path = Base.lproj/LaunchScreen.storyboard; sourceTree = "<group>"; };
		2F3099292963C5DD006A967C /* Info.plist */ = {isa = PBXFileReference; lastKnownFileType = text.plist.xml; path = Info.plist; sourceTree = "<group>"; };
		2F30993C2963D0E7006A967C /* Domain.framework */ = {isa = PBXFileReference; explicitFileType = wrapper.framework; includeInIndex = 0; path = Domain.framework; sourceTree = BUILT_PRODUCTS_DIR; };
		2F30993E2963D0E7006A967C /* Domain.h */ = {isa = PBXFileReference; lastKnownFileType = sourcecode.c.h; path = Domain.h; sourceTree = "<group>"; };
		2F30994D2963D118006A967C /* NetworkPlatform.framework */ = {isa = PBXFileReference; explicitFileType = wrapper.framework; includeInIndex = 0; path = NetworkPlatform.framework; sourceTree = BUILT_PRODUCTS_DIR; };
		2F30994F2963D118006A967C /* NetworkPlatform.h */ = {isa = PBXFileReference; lastKnownFileType = sourcecode.c.h; path = NetworkPlatform.h; sourceTree = "<group>"; };
/* End PBXFileReference section */

/* Begin PBXFrameworksBuildPhase section */
		2F3099152963C5DA006A967C /* Frameworks */ = {
			isa = PBXFrameworksBuildPhase;
			buildActionMask = 2147483647;
			files = (
				2F3099422963D0E7006A967C /* Domain.framework in Frameworks */,
				2F3099532963D118006A967C /* NetworkPlatform.framework in Frameworks */,
				2F3099352963D039006A967C /* RxSwift in Frameworks */,
				2F3099332963D039006A967C /* RxRelay in Frameworks */,
				2F3099312963D039006A967C /* RxCocoa in Frameworks */,
			);
			runOnlyForDeploymentPostprocessing = 0;
		};
		2F3099392963D0E7006A967C /* Frameworks */ = {
			isa = PBXFrameworksBuildPhase;
			buildActionMask = 2147483647;
			files = (
			);
			runOnlyForDeploymentPostprocessing = 0;
		};
		2F30994A2963D118006A967C /* Frameworks */ = {
			isa = PBXFrameworksBuildPhase;
			buildActionMask = 2147483647;
			files = (
			);
			runOnlyForDeploymentPostprocessing = 0;
		};
/* End PBXFrameworksBuildPhase section */

/* Begin PBXGroup section */
		2F30990F2963C5DA006A967C = {
			isa = PBXGroup;
			children = (
				2F30991A2963C5DA006A967C /* Gifton */,
				2F30993D2963D0E7006A967C /* Domain */,
				2F30994E2963D118006A967C /* NetworkPlatform */,
				2F3099192963C5DA006A967C /* Products */,
			);
			sourceTree = "<group>";
		};
		2F3099192963C5DA006A967C /* Products */ = {
			isa = PBXGroup;
			children = (
				2F3099182963C5DA006A967C /* Gifton.app */,
				2F30993C2963D0E7006A967C /* Domain.framework */,
				2F30994D2963D118006A967C /* NetworkPlatform.framework */,
			);
			name = Products;
			sourceTree = "<group>";
		};
		2F30991A2963C5DA006A967C /* Gifton */ = {
			isa = PBXGroup;
			children = (
				2F30995B29640736006A967C /* Scene */,
				2F30991B2963C5DA006A967C /* AppDelegate.swift */,
				2F30991D2963C5DA006A967C /* SceneDelegate.swift */,
				2F30991F2963C5DA006A967C /* ViewController.swift */,
				2F3099242963C5DD006A967C /* Assets.xcassets */,
				2F3099262963C5DD006A967C /* LaunchScreen.storyboard */,
				2F3099292963C5DD006A967C /* Info.plist */,
			);
			path = Gifton;
			sourceTree = "<group>";
		};
		2F30993D2963D0E7006A967C /* Domain */ = {
			isa = PBXGroup;
			children = (
				2F3099582963D143006A967C /* UseCase */,
				2F30993E2963D0E7006A967C /* Domain.h */,
			);
			path = Domain;
			sourceTree = "<group>";
		};
		2F30994E2963D118006A967C /* NetworkPlatform */ = {
			isa = PBXGroup;
			children = (
				2F30995A2963F913006A967C /* API */,
				2F3099592963F88D006A967C /* Network */,
				2F30994F2963D118006A967C /* NetworkPlatform.h */,
			);
			path = NetworkPlatform;
			sourceTree = "<group>";
		};
		2F3099582963D143006A967C /* UseCase */ = {
			isa = PBXGroup;
			children = (
			);
			path = UseCase;
			sourceTree = "<group>";
		};
		2F3099592963F88D006A967C /* Network */ = {
			isa = PBXGroup;
			children = (
			);
			path = Network;
			sourceTree = "<group>";
		};
		2F30995A2963F913006A967C /* API */ = {
			isa = PBXGroup;
			children = (
			);
			path = API;
			sourceTree = "<group>";
		};
		2F30995B29640736006A967C /* Scene */ = {
			isa = PBXGroup;
			children = (
				2F30995C2964073F006A967C /* Gifts */,
			);
			path = Scene;
			sourceTree = "<group>";
		};
		2F30995C2964073F006A967C /* Gifts */ = {
			isa = PBXGroup;
			children = (
			);
			path = Gifts;
			sourceTree = "<group>";
		};
/* End PBXGroup section */

/* Begin PBXHeadersBuildPhase section */
		2F3099372963D0E7006A967C /* Headers */ = {
			isa = PBXHeadersBuildPhase;
			buildActionMask = 2147483647;
			files = (
				2F30993F2963D0E7006A967C /* Domain.h in Headers */,
			);
			runOnlyForDeploymentPostprocessing = 0;
		};
		2F3099482963D118006A967C /* Headers */ = {
			isa = PBXHeadersBuildPhase;
			buildActionMask = 2147483647;
			files = (
				2F3099502963D118006A967C /* NetworkPlatform.h in Headers */,
			);
			runOnlyForDeploymentPostprocessing = 0;
		};
/* End PBXHeadersBuildPhase section */

/* Begin PBXNativeTarget section */
		2F3099172963C5DA006A967C /* Gifton */ = {
			isa = PBXNativeTarget;
			buildConfigurationList = 2F30992C2963C5DD006A967C /* Build configuration list for PBXNativeTarget "Gifton" */;
			buildPhases = (
				2F3099142963C5DA006A967C /* Sources */,
				2F3099152963C5DA006A967C /* Frameworks */,
				2F3099162963C5DA006A967C /* Resources */,
				2F3099472963D0E7006A967C /* Embed Frameworks */,
			);
			buildRules = (
			);
			dependencies = (
				2F3099412963D0E7006A967C /* PBXTargetDependency */,
				2F3099522963D118006A967C /* PBXTargetDependency */,
			);
			name = Gifton;
			packageProductDependencies = (
				2F3099302963D039006A967C /* RxCocoa */,
				2F3099322963D039006A967C /* RxRelay */,
				2F3099342963D039006A967C /* RxSwift */,
			);
			productName = Gifton;
			productReference = 2F3099182963C5DA006A967C /* Gifton.app */;
			productType = "com.apple.product-type.application";
		};
		2F30993B2963D0E7006A967C /* Domain */ = {
			isa = PBXNativeTarget;
			buildConfigurationList = 2F3099442963D0E7006A967C /* Build configuration list for PBXNativeTarget "Domain" */;
			buildPhases = (
				2F3099372963D0E7006A967C /* Headers */,
				2F3099382963D0E7006A967C /* Sources */,
				2F3099392963D0E7006A967C /* Frameworks */,
				2F30993A2963D0E7006A967C /* Resources */,
			);
			buildRules = (
			);
			dependencies = (
			);
			name = Domain;
			productName = Domain;
			productReference = 2F30993C2963D0E7006A967C /* Domain.framework */;
			productType = "com.apple.product-type.framework";
		};
		2F30994C2963D118006A967C /* NetworkPlatform */ = {
			isa = PBXNativeTarget;
			buildConfigurationList = 2F3099552963D119006A967C /* Build configuration list for PBXNativeTarget "NetworkPlatform" */;
			buildPhases = (
				2F3099482963D118006A967C /* Headers */,
				2F3099492963D118006A967C /* Sources */,
				2F30994A2963D118006A967C /* Frameworks */,
				2F30994B2963D118006A967C /* Resources */,
			);
			buildRules = (
			);
			dependencies = (
			);
			name = NetworkPlatform;
			productName = NetworkPlatform;
			productReference = 2F30994D2963D118006A967C /* NetworkPlatform.framework */;
			productType = "com.apple.product-type.framework";
		};
/* End PBXNativeTarget section */

/* Begin PBXProject section */
		2F3099102963C5DA006A967C /* Project object */ = {
			isa = PBXProject;
			attributes = {
				BuildIndependentTargetsInParallel = 1;
				LastSwiftUpdateCheck = 1420;
				LastUpgradeCheck = 1420;
				TargetAttributes = {
					2F3099172963C5DA006A967C = {
						CreatedOnToolsVersion = 14.2;
					};
					2F30993B2963D0E7006A967C = {
						CreatedOnToolsVersion = 14.2;
					};
					2F30994C2963D118006A967C = {
						CreatedOnToolsVersion = 14.2;
					};
				};
			};
			buildConfigurationList = 2F3099132963C5DA006A967C /* Build configuration list for PBXProject "Gifton" */;
			compatibilityVersion = "Xcode 14.0";
			developmentRegion = en;
			hasScannedForEncodings = 0;
			knownRegions = (
				en,
				Base,
			);
			mainGroup = 2F30990F2963C5DA006A967C;
			packageReferences = (
				2F30992F2963D039006A967C /* XCRemoteSwiftPackageReference "RxSwift" */,
			);
			productRefGroup = 2F3099192963C5DA006A967C /* Products */;
			projectDirPath = "";
			projectRoot = "";
			targets = (
				2F3099172963C5DA006A967C /* Gifton */,
				2F30993B2963D0E7006A967C /* Domain */,
				2F30994C2963D118006A967C /* NetworkPlatform */,
			);
		};
/* End PBXProject section */

/* Begin PBXResourcesBuildPhase section */
		2F3099162963C5DA006A967C /* Resources */ = {
			isa = PBXResourcesBuildPhase;
			buildActionMask = 2147483647;
			files = (
				2F3099282963C5DD006A967C /* LaunchScreen.storyboard in Resources */,
				2F3099252963C5DD006A967C /* Assets.xcassets in Resources */,
			);
			runOnlyForDeploymentPostprocessing = 0;
		};
		2F30993A2963D0E7006A967C /* Resources */ = {
			isa = PBXResourcesBuildPhase;
			buildActionMask = 2147483647;
			files = (
			);
			runOnlyForDeploymentPostprocessing = 0;
		};
		2F30994B2963D118006A967C /* Resources */ = {
			isa = PBXResourcesBuildPhase;
			buildActionMask = 2147483647;
			files = (
			);
			runOnlyForDeploymentPostprocessing = 0;
		};
/* End PBXResourcesBuildPhase section */

/* Begin PBXSourcesBuildPhase section */
		2F3099142963C5DA006A967C /* Sources */ = {
			isa = PBXSourcesBuildPhase;
			buildActionMask = 2147483647;
			files = (
				2F3099202963C5DA006A967C /* ViewController.swift in Sources */,
				2F30991C2963C5DA006A967C /* AppDelegate.swift in Sources */,
				2F30991E2963C5DA006A967C /* SceneDelegate.swift in Sources */,
			);
			runOnlyForDeploymentPostprocessing = 0;
		};
		2F3099382963D0E7006A967C /* Sources */ = {
			isa = PBXSourcesBuildPhase;
			buildActionMask = 2147483647;
			files = (
			);
			runOnlyForDeploymentPostprocessing = 0;
		};
		2F3099492963D118006A967C /* Sources */ = {
			isa = PBXSourcesBuildPhase;
			buildActionMask = 2147483647;
			files = (
			);
			runOnlyForDeploymentPostprocessing = 0;
		};
/* End PBXSourcesBuildPhase section */

/* Begin PBXTargetDependency section */
		2F3099412963D0E7006A967C /* PBXTargetDependency */ = {
			isa = PBXTargetDependency;
			target = 2F30993B2963D0E7006A967C /* Domain */;
			targetProxy = 2F3099402963D0E7006A967C /* PBXContainerItemProxy */;
		};
		2F3099522963D118006A967C /* PBXTargetDependency */ = {
			isa = PBXTargetDependency;
			target = 2F30994C2963D118006A967C /* NetworkPlatform */;
			targetProxy = 2F3099512963D118006A967C /* PBXContainerItemProxy */;
		};
/* End PBXTargetDependency section */

/* Begin PBXVariantGroup section */
		2F3099262963C5DD006A967C /* LaunchScreen.storyboard */ = {
			isa = PBXVariantGroup;
			children = (
				2F3099272963C5DD006A967C /* Base */,
			);
			name = LaunchScreen.storyboard;
			sourceTree = "<group>";
		};
/* End PBXVariantGroup section */

/* Begin XCBuildConfiguration section */
		2F30992A2963C5DD006A967C /* Debug */ = {
			isa = XCBuildConfiguration;
			buildSettings = {
				ALWAYS_SEARCH_USER_PATHS = NO;
				CLANG_ANALYZER_NONNULL = YES;
				CLANG_ANALYZER_NUMBER_OBJECT_CONVERSION = YES_AGGRESSIVE;
				CLANG_CXX_LANGUAGE_STANDARD = "gnu++20";
				CLANG_ENABLE_MODULES = YES;
				CLANG_ENABLE_OBJC_ARC = YES;
				CLANG_ENABLE_OBJC_WEAK = YES;
				CLANG_WARN_BLOCK_CAPTURE_AUTORELEASING = YES;
				CLANG_WARN_BOOL_CONVERSION = YES;
				CLANG_WARN_COMMA = YES;
				CLANG_WARN_CONSTANT_CONVERSION = YES;
				CLANG_WARN_DEPRECATED_OBJC_IMPLEMENTATIONS = YES;
				CLANG_WARN_DIRECT_OBJC_ISA_USAGE = YES_ERROR;
				CLANG_WARN_DOCUMENTATION_COMMENTS = YES;
				CLANG_WARN_EMPTY_BODY = YES;
				CLANG_WARN_ENUM_CONVERSION = YES;
				CLANG_WARN_INFINITE_RECURSION = YES;
				CLANG_WARN_INT_CONVERSION = YES;
				CLANG_WARN_NON_LITERAL_NULL_CONVERSION = YES;
				CLANG_WARN_OBJC_IMPLICIT_RETAIN_SELF = YES;
				CLANG_WARN_OBJC_LITERAL_CONVERSION = YES;
				CLANG_WARN_OBJC_ROOT_CLASS = YES_ERROR;
				CLANG_WARN_QUOTED_INCLUDE_IN_FRAMEWORK_HEADER = YES;
				CLANG_WARN_RANGE_LOOP_ANALYSIS = YES;
				CLANG_WARN_STRICT_PROTOTYPES = YES;
				CLANG_WARN_SUSPICIOUS_MOVE = YES;
				CLANG_WARN_UNGUARDED_AVAILABILITY = YES_AGGRESSIVE;
				CLANG_WARN_UNREACHABLE_CODE = YES;
				CLANG_WARN__DUPLICATE_METHOD_MATCH = YES;
				COPY_PHASE_STRIP = NO;
				DEBUG_INFORMATION_FORMAT = dwarf;
				ENABLE_STRICT_OBJC_MSGSEND = YES;
				ENABLE_TESTABILITY = YES;
				GCC_C_LANGUAGE_STANDARD = gnu11;
				GCC_DYNAMIC_NO_PIC = NO;
				GCC_NO_COMMON_BLOCKS = YES;
				GCC_OPTIMIZATION_LEVEL = 0;
				GCC_PREPROCESSOR_DEFINITIONS = (
					"DEBUG=1",
					"$(inherited)",
				);
				GCC_WARN_64_TO_32_BIT_CONVERSION = YES;
				GCC_WARN_ABOUT_RETURN_TYPE = YES_ERROR;
				GCC_WARN_UNDECLARED_SELECTOR = YES;
				GCC_WARN_UNINITIALIZED_AUTOS = YES_AGGRESSIVE;
				GCC_WARN_UNUSED_FUNCTION = YES;
				GCC_WARN_UNUSED_VARIABLE = YES;
				IPHONEOS_DEPLOYMENT_TARGET = 16.2;
				MTL_ENABLE_DEBUG_INFO = INCLUDE_SOURCE;
				MTL_FAST_MATH = YES;
				ONLY_ACTIVE_ARCH = YES;
				SDKROOT = iphoneos;
				SWIFT_ACTIVE_COMPILATION_CONDITIONS = DEBUG;
				SWIFT_OPTIMIZATION_LEVEL = "-Onone";
			};
			name = Debug;
		};
		2F30992B2963C5DD006A967C /* Release */ = {
			isa = XCBuildConfiguration;
			buildSettings = {
				ALWAYS_SEARCH_USER_PATHS = NO;
				CLANG_ANALYZER_NONNULL = YES;
				CLANG_ANALYZER_NUMBER_OBJECT_CONVERSION = YES_AGGRESSIVE;
				CLANG_CXX_LANGUAGE_STANDARD = "gnu++20";
				CLANG_ENABLE_MODULES = YES;
				CLANG_ENABLE_OBJC_ARC = YES;
				CLANG_ENABLE_OBJC_WEAK = YES;
				CLANG_WARN_BLOCK_CAPTURE_AUTORELEASING = YES;
				CLANG_WARN_BOOL_CONVERSION = YES;
				CLANG_WARN_COMMA = YES;
				CLANG_WARN_CONSTANT_CONVERSION = YES;
				CLANG_WARN_DEPRECATED_OBJC_IMPLEMENTATIONS = YES;
				CLANG_WARN_DIRECT_OBJC_ISA_USAGE = YES_ERROR;
				CLANG_WARN_DOCUMENTATION_COMMENTS = YES;
				CLANG_WARN_EMPTY_BODY = YES;
				CLANG_WARN_ENUM_CONVERSION = YES;
				CLANG_WARN_INFINITE_RECURSION = YES;
				CLANG_WARN_INT_CONVERSION = YES;
				CLANG_WARN_NON_LITERAL_NULL_CONVERSION = YES;
				CLANG_WARN_OBJC_IMPLICIT_RETAIN_SELF = YES;
				CLANG_WARN_OBJC_LITERAL_CONVERSION = YES;
				CLANG_WARN_OBJC_ROOT_CLASS = YES_ERROR;
				CLANG_WARN_QUOTED_INCLUDE_IN_FRAMEWORK_HEADER = YES;
				CLANG_WARN_RANGE_LOOP_ANALYSIS = YES;
				CLANG_WARN_STRICT_PROTOTYPES = YES;
				CLANG_WARN_SUSPICIOUS_MOVE = YES;
				CLANG_WARN_UNGUARDED_AVAILABILITY = YES_AGGRESSIVE;
				CLANG_WARN_UNREACHABLE_CODE = YES;
				CLANG_WARN__DUPLICATE_METHOD_MATCH = YES;
				COPY_PHASE_STRIP = NO;
				DEBUG_INFORMATION_FORMAT = "dwarf-with-dsym";
				ENABLE_NS_ASSERTIONS = NO;
				ENABLE_STRICT_OBJC_MSGSEND = YES;
				GCC_C_LANGUAGE_STANDARD = gnu11;
				GCC_NO_COMMON_BLOCKS = YES;
				GCC_WARN_64_TO_32_BIT_CONVERSION = YES;
				GCC_WARN_ABOUT_RETURN_TYPE = YES_ERROR;
				GCC_WARN_UNDECLARED_SELECTOR = YES;
				GCC_WARN_UNINITIALIZED_AUTOS = YES_AGGRESSIVE;
				GCC_WARN_UNUSED_FUNCTION = YES;
				GCC_WARN_UNUSED_VARIABLE = YES;
				IPHONEOS_DEPLOYMENT_TARGET = 16.2;
				MTL_ENABLE_DEBUG_INFO = NO;
				MTL_FAST_MATH = YES;
				SDKROOT = iphoneos;
				SWIFT_COMPILATION_MODE = wholemodule;
				SWIFT_OPTIMIZATION_LEVEL = "-O";
				VALIDATE_PRODUCT = YES;
			};
			name = Release;
		};
		2F30992D2963C5DD006A967C /* Debug */ = {
			isa = XCBuildConfiguration;
			buildSettings = {
				ASSETCATALOG_COMPILER_APPICON_NAME = AppIcon;
				ASSETCATALOG_COMPILER_GLOBAL_ACCENT_COLOR_NAME = AccentColor;
				CODE_SIGN_STYLE = Automatic;
				CURRENT_PROJECT_VERSION = 1;
				DEVELOPMENT_TEAM = BZSC89933R;
				GENERATE_INFOPLIST_FILE = YES;
				INFOPLIST_FILE = Gifton/Info.plist;
				INFOPLIST_KEY_UIApplicationSupportsIndirectInputEvents = YES;
				INFOPLIST_KEY_UILaunchStoryboardName = LaunchScreen;
				INFOPLIST_KEY_UIMainStoryboardFile = Main;
				INFOPLIST_KEY_UISupportedInterfaceOrientations_iPad = "UIInterfaceOrientationPortrait UIInterfaceOrientationPortraitUpsideDown UIInterfaceOrientationLandscapeLeft UIInterfaceOrientationLandscapeRight";
				INFOPLIST_KEY_UISupportedInterfaceOrientations_iPhone = "UIInterfaceOrientationPortrait UIInterfaceOrientationLandscapeLeft UIInterfaceOrientationLandscapeRight";
				LD_RUNPATH_SEARCH_PATHS = (
					"$(inherited)",
					"@executable_path/Frameworks",
				);
				MARKETING_VERSION = 1.0;
				PRODUCT_BUNDLE_IDENTIFIER = com.minestrone.Gifton;
				PRODUCT_NAME = "$(TARGET_NAME)";
				SWIFT_EMIT_LOC_STRINGS = YES;
				SWIFT_VERSION = 5.0;
				TARGETED_DEVICE_FAMILY = "1,2";
			};
			name = Debug;
		};
		2F30992E2963C5DD006A967C /* Release */ = {
			isa = XCBuildConfiguration;
			buildSettings = {
				ASSETCATALOG_COMPILER_APPICON_NAME = AppIcon;
				ASSETCATALOG_COMPILER_GLOBAL_ACCENT_COLOR_NAME = AccentColor;
				CODE_SIGN_STYLE = Automatic;
				CURRENT_PROJECT_VERSION = 1;
				DEVELOPMENT_TEAM = BZSC89933R;
				GENERATE_INFOPLIST_FILE = YES;
				INFOPLIST_FILE = Gifton/Info.plist;
				INFOPLIST_KEY_UIApplicationSupportsIndirectInputEvents = YES;
				INFOPLIST_KEY_UILaunchStoryboardName = LaunchScreen;
				INFOPLIST_KEY_UIMainStoryboardFile = Main;
				INFOPLIST_KEY_UISupportedInterfaceOrientations_iPad = "UIInterfaceOrientationPortrait UIInterfaceOrientationPortraitUpsideDown UIInterfaceOrientationLandscapeLeft UIInterfaceOrientationLandscapeRight";
				INFOPLIST_KEY_UISupportedInterfaceOrientations_iPhone = "UIInterfaceOrientationPortrait UIInterfaceOrientationLandscapeLeft UIInterfaceOrientationLandscapeRight";
				LD_RUNPATH_SEARCH_PATHS = (
					"$(inherited)",
					"@executable_path/Frameworks",
				);
				MARKETING_VERSION = 1.0;
				PRODUCT_BUNDLE_IDENTIFIER = com.minestrone.Gifton;
				PRODUCT_NAME = "$(TARGET_NAME)";
				SWIFT_EMIT_LOC_STRINGS = YES;
				SWIFT_VERSION = 5.0;
				TARGETED_DEVICE_FAMILY = "1,2";
			};
			name = Release;
		};
		2F3099452963D0E7006A967C /* Debug */ = {
			isa = XCBuildConfiguration;
			buildSettings = {
				CODE_SIGN_STYLE = Automatic;
				CURRENT_PROJECT_VERSION = 1;
				DEFINES_MODULE = YES;
				DEVELOPMENT_TEAM = BZSC89933R;
				DYLIB_COMPATIBILITY_VERSION = 1;
				DYLIB_CURRENT_VERSION = 1;
				DYLIB_INSTALL_NAME_BASE = "@rpath";
				GENERATE_INFOPLIST_FILE = YES;
				INFOPLIST_KEY_NSHumanReadableCopyright = "";
				INSTALL_PATH = "$(LOCAL_LIBRARY_DIR)/Frameworks";
				LD_RUNPATH_SEARCH_PATHS = (
					"$(inherited)",
					"@executable_path/Frameworks",
					"@loader_path/Frameworks",
				);
				MARKETING_VERSION = 1.0;
				PRODUCT_BUNDLE_IDENTIFIER = com.minestrone.Domain;
				PRODUCT_NAME = "$(TARGET_NAME:c99extidentifier)";
				SKIP_INSTALL = YES;
				SWIFT_EMIT_LOC_STRINGS = YES;
				SWIFT_VERSION = 5.0;
				TARGETED_DEVICE_FAMILY = "1,2";
				VERSIONING_SYSTEM = "apple-generic";
				VERSION_INFO_PREFIX = "";
			};
			name = Debug;
		};
		2F3099462963D0E7006A967C /* Release */ = {
			isa = XCBuildConfiguration;
			buildSettings = {
				CODE_SIGN_STYLE = Automatic;
				CURRENT_PROJECT_VERSION = 1;
				DEFINES_MODULE = YES;
				DEVELOPMENT_TEAM = BZSC89933R;
				DYLIB_COMPATIBILITY_VERSION = 1;
				DYLIB_CURRENT_VERSION = 1;
				DYLIB_INSTALL_NAME_BASE = "@rpath";
				GENERATE_INFOPLIST_FILE = YES;
				INFOPLIST_KEY_NSHumanReadableCopyright = "";
				INSTALL_PATH = "$(LOCAL_LIBRARY_DIR)/Frameworks";
				LD_RUNPATH_SEARCH_PATHS = (
					"$(inherited)",
					"@executable_path/Frameworks",
					"@loader_path/Frameworks",
				);
				MARKETING_VERSION = 1.0;
				PRODUCT_BUNDLE_IDENTIFIER = com.minestrone.Domain;
				PRODUCT_NAME = "$(TARGET_NAME:c99extidentifier)";
				SKIP_INSTALL = YES;
				SWIFT_EMIT_LOC_STRINGS = YES;
				SWIFT_VERSION = 5.0;
				TARGETED_DEVICE_FAMILY = "1,2";
				VERSIONING_SYSTEM = "apple-generic";
				VERSION_INFO_PREFIX = "";
			};
			name = Release;
		};
		2F3099562963D119006A967C /* Debug */ = {
			isa = XCBuildConfiguration;
			buildSettings = {
				CODE_SIGN_STYLE = Automatic;
				CURRENT_PROJECT_VERSION = 1;
				DEFINES_MODULE = YES;
				DEVELOPMENT_TEAM = BZSC89933R;
				DYLIB_COMPATIBILITY_VERSION = 1;
				DYLIB_CURRENT_VERSION = 1;
				DYLIB_INSTALL_NAME_BASE = "@rpath";
				GENERATE_INFOPLIST_FILE = YES;
				INFOPLIST_KEY_NSHumanReadableCopyright = "";
				INSTALL_PATH = "$(LOCAL_LIBRARY_DIR)/Frameworks";
				LD_RUNPATH_SEARCH_PATHS = (
					"$(inherited)",
					"@executable_path/Frameworks",
					"@loader_path/Frameworks",
				);
				MARKETING_VERSION = 1.0;
				PRODUCT_BUNDLE_IDENTIFIER = com.minestrone.NetworkPlatform;
				PRODUCT_NAME = "$(TARGET_NAME:c99extidentifier)";
				SKIP_INSTALL = YES;
				SWIFT_EMIT_LOC_STRINGS = YES;
				SWIFT_VERSION = 5.0;
				TARGETED_DEVICE_FAMILY = "1,2";
				VERSIONING_SYSTEM = "apple-generic";
				VERSION_INFO_PREFIX = "";
			};
			name = Debug;
		};
		2F3099572963D119006A967C /* Release */ = {
			isa = XCBuildConfiguration;
			buildSettings = {
				CODE_SIGN_STYLE = Automatic;
				CURRENT_PROJECT_VERSION = 1;
				DEFINES_MODULE = YES;
				DEVELOPMENT_TEAM = BZSC89933R;
				DYLIB_COMPATIBILITY_VERSION = 1;
				DYLIB_CURRENT_VERSION = 1;
				DYLIB_INSTALL_NAME_BASE = "@rpath";
				GENERATE_INFOPLIST_FILE = YES;
				INFOPLIST_KEY_NSHumanReadableCopyright = "";
				INSTALL_PATH = "$(LOCAL_LIBRARY_DIR)/Frameworks";
				LD_RUNPATH_SEARCH_PATHS = (
					"$(inherited)",
					"@executable_path/Frameworks",
					"@loader_path/Frameworks",
				);
				MARKETING_VERSION = 1.0;
				PRODUCT_BUNDLE_IDENTIFIER = com.minestrone.NetworkPlatform;
				PRODUCT_NAME = "$(TARGET_NAME:c99extidentifier)";
				SKIP_INSTALL = YES;
				SWIFT_EMIT_LOC_STRINGS = YES;
				SWIFT_VERSION = 5.0;
				TARGETED_DEVICE_FAMILY = "1,2";
				VERSIONING_SYSTEM = "apple-generic";
				VERSION_INFO_PREFIX = "";
			};
			name = Release;
		};
/* End XCBuildConfiguration section */

/* Begin XCConfigurationList section */
		2F3099132963C5DA006A967C /* Build configuration list for PBXProject "Gifton" */ = {
			isa = XCConfigurationList;
			buildConfigurations = (
				2F30992A2963C5DD006A967C /* Debug */,
				2F30992B2963C5DD006A967C /* Release */,
			);
			defaultConfigurationIsVisible = 0;
			defaultConfigurationName = Release;
		};
		2F30992C2963C5DD006A967C /* Build configuration list for PBXNativeTarget "Gifton" */ = {
			isa = XCConfigurationList;
			buildConfigurations = (
				2F30992D2963C5DD006A967C /* Debug */,
				2F30992E2963C5DD006A967C /* Release */,
			);
			defaultConfigurationIsVisible = 0;
			defaultConfigurationName = Release;
		};
		2F3099442963D0E7006A967C /* Build configuration list for PBXNativeTarget "Domain" */ = {
			isa = XCConfigurationList;
			buildConfigurations = (
				2F3099452963D0E7006A967C /* Debug */,
				2F3099462963D0E7006A967C /* Release */,
			);
			defaultConfigurationIsVisible = 0;
			defaultConfigurationName = Release;
		};
		2F3099552963D119006A967C /* Build configuration list for PBXNativeTarget "NetworkPlatform" */ = {
			isa = XCConfigurationList;
			buildConfigurations = (
				2F3099562963D119006A967C /* Debug */,
				2F3099572963D119006A967C /* Release */,
			);
			defaultConfigurationIsVisible = 0;
			defaultConfigurationName = Release;
		};
/* End XCConfigurationList section */

/* Begin XCRemoteSwiftPackageReference section */
		2F30992F2963D039006A967C /* XCRemoteSwiftPackageReference "RxSwift" */ = {
			isa = XCRemoteSwiftPackageReference;
			repositoryURL = "https://github.com/ReactiveX/RxSwift";
			requirement = {
				kind = upToNextMajorVersion;
				minimumVersion = 6.0.0;
			};
		};
/* End XCRemoteSwiftPackageReference section */

/* Begin XCSwiftPackageProductDependency section */
		2F3099302963D039006A967C /* RxCocoa */ = {
			isa = XCSwiftPackageProductDependency;
			package = 2F30992F2963D039006A967C /* XCRemoteSwiftPackageReference "RxSwift" */;
			productName = RxCocoa;
		};
		2F3099322963D039006A967C /* RxRelay */ = {
			isa = XCSwiftPackageProductDependency;
			package = 2F30992F2963D039006A967C /* XCRemoteSwiftPackageReference "RxSwift" */;
			productName = RxRelay;
		};
		2F3099342963D039006A967C /* RxSwift */ = {
			isa = XCSwiftPackageProductDependency;
			package = 2F30992F2963D039006A967C /* XCRemoteSwiftPackageReference "RxSwift" */;
			productName = RxSwift;
		};
/* End XCSwiftPackageProductDependency section */
	};
	rootObject = 2F3099102963C5DA006A967C /* Project object */;
}
